// !$*UTF8*$!
{
	archiveVersion = 1;
	classes = {
	};
	objectVersion = 46;
	objects = {

/* Begin PBXBuildFile section */
		011524F41C609A6F000D9539 /* NKAccountCell.swift in Sources */ = {isa = PBXBuildFile; fileRef = 011524F21C609A6F000D9539 /* NKAccountCell.swift */; };
		011524F71C60A6D7000D9539 /* NKAccount_Compose.swift in Sources */ = {isa = PBXBuildFile; fileRef = 011524F61C60A6D7000D9539 /* NKAccount_Compose.swift */; };
		011524F91C60A6FD000D9539 /* NKAccount_Record.swift in Sources */ = {isa = PBXBuildFile; fileRef = 011524F81C60A6FD000D9539 /* NKAccount_Record.swift */; };
		011524FE1C60AECC000D9539 /* NKIndexCell.swift in Sources */ = {isa = PBXBuildFile; fileRef = 011524FC1C60AECC000D9539 /* NKIndexCell.swift */; };
		011524FF1C60AECC000D9539 /* NKIndexCell.xib in Resources */ = {isa = PBXBuildFile; fileRef = 011524FD1C60AECC000D9539 /* NKIndexCell.xib */; };
		011525011C60B0A0000D9539 /* NKPlatform_Index.swift in Sources */ = {isa = PBXBuildFile; fileRef = 011525001C60B0A0000D9539 /* NKPlatform_Index.swift */; };
		011525051C60D38A000D9539 /* Main.storyboard in Resources */ = {isa = PBXBuildFile; fileRef = 011525041C60D38A000D9539 /* Main.storyboard */; };
		0115250C1C61C3AD000D9539 /* NKScheduleCell.swift in Sources */ = {isa = PBXBuildFile; fileRef = 0115250A1C61C3AD000D9539 /* NKScheduleCell.swift */; };
		0115250D1C61C3AD000D9539 /* NKScheduleCell.xib in Resources */ = {isa = PBXBuildFile; fileRef = 0115250B1C61C3AD000D9539 /* NKScheduleCell.xib */; };
		0115250F1C61F119000D9539 /* NKDetailController.swift in Sources */ = {isa = PBXBuildFile; fileRef = 0115250E1C61F119000D9539 /* NKDetailController.swift */; };
		011525111C61F2C9000D9539 /* NKDetailItemCell.swift in Sources */ = {isa = PBXBuildFile; fileRef = 011525101C61F2C9000D9539 /* NKDetailItemCell.swift */; };
		011525131C61FCF2000D9539 /* NKItem_Detail.swift in Sources */ = {isa = PBXBuildFile; fileRef = 011525121C61FCF2000D9539 /* NKItem_Detail.swift */; };
		011525151C6200F1000D9539 /* NKItem_Schedule.swift in Sources */ = {isa = PBXBuildFile; fileRef = 011525141C6200F1000D9539 /* NKItem_Schedule.swift */; };
		011525171C62040A000D9539 /* NKDetailHeader.swift in Sources */ = {isa = PBXBuildFile; fileRef = 011525161C62040A000D9539 /* NKDetailHeader.swift */; };
		011525191C6205CB000D9539 /* NKDetailHeader.xib in Resources */ = {isa = PBXBuildFile; fileRef = 011525181C6205CB000D9539 /* NKDetailHeader.xib */; };
		0117442F1C68B01F00CD0A7D /* NKTextField.swift in Sources */ = {isa = PBXBuildFile; fileRef = 0117442E1C68B01F00CD0A7D /* NKTextField.swift */; };
		011744561C69E78200CD0A7D /* Easing.swift in Sources */ = {isa = PBXBuildFile; fileRef = 011744531C69E78200CD0A7D /* Easing.swift */; };
		011744571C69E78200CD0A7D /* NSDateExtension.swift in Sources */ = {isa = PBXBuildFile; fileRef = 011744541C69E78200CD0A7D /* NSDateExtension.swift */; };
		011744581C69E78200CD0A7D /* UILabel+Animate.swift in Sources */ = {isa = PBXBuildFile; fileRef = 011744551C69E78200CD0A7D /* UILabel+Animate.swift */; };
		0136BDB41D01459700BFF1C5 /* CVAuxiliaryView.swift in Sources */ = {isa = PBXBuildFile; fileRef = 0136BD981D01459700BFF1C5 /* CVAuxiliaryView.swift */; };
		0136BDB51D01459700BFF1C5 /* CVCalendarContentViewController.swift in Sources */ = {isa = PBXBuildFile; fileRef = 0136BD991D01459700BFF1C5 /* CVCalendarContentViewController.swift */; };
		0136BDB61D01459700BFF1C5 /* CVCalendarDayView.swift in Sources */ = {isa = PBXBuildFile; fileRef = 0136BD9A1D01459700BFF1C5 /* CVCalendarDayView.swift */; };
		0136BDB71D01459700BFF1C5 /* CVCalendarDayViewControlCoordinator.swift in Sources */ = {isa = PBXBuildFile; fileRef = 0136BD9B1D01459700BFF1C5 /* CVCalendarDayViewControlCoordinator.swift */; };
		0136BDB81D01459700BFF1C5 /* CVCalendarManager.swift in Sources */ = {isa = PBXBuildFile; fileRef = 0136BD9C1D01459700BFF1C5 /* CVCalendarManager.swift */; };
		0136BDB91D01459700BFF1C5 /* CVCalendarMenuView.swift in Sources */ = {isa = PBXBuildFile; fileRef = 0136BD9D1D01459700BFF1C5 /* CVCalendarMenuView.swift */; };
		0136BDBA1D01459700BFF1C5 /* CVCalendarMenuViewDelegate.swift in Sources */ = {isa = PBXBuildFile; fileRef = 0136BD9E1D01459700BFF1C5 /* CVCalendarMenuViewDelegate.swift */; };
		0136BDBB1D01459700BFF1C5 /* CVCalendarMonthContentViewController.swift in Sources */ = {isa = PBXBuildFile; fileRef = 0136BD9F1D01459700BFF1C5 /* CVCalendarMonthContentViewController.swift */; };
		0136BDBC1D01459700BFF1C5 /* CVCalendarMonthView.swift in Sources */ = {isa = PBXBuildFile; fileRef = 0136BDA01D01459700BFF1C5 /* CVCalendarMonthView.swift */; };
		0136BDBD1D01459700BFF1C5 /* CVCalendarTouchController.swift in Sources */ = {isa = PBXBuildFile; fileRef = 0136BDA11D01459700BFF1C5 /* CVCalendarTouchController.swift */; };
		0136BDBE1D01459700BFF1C5 /* CVCalendarView.swift in Sources */ = {isa = PBXBuildFile; fileRef = 0136BDA21D01459700BFF1C5 /* CVCalendarView.swift */; };
		0136BDBF1D01459700BFF1C5 /* CVCalendarViewAnimator.swift in Sources */ = {isa = PBXBuildFile; fileRef = 0136BDA31D01459700BFF1C5 /* CVCalendarViewAnimator.swift */; };
		0136BDC01D01459700BFF1C5 /* CVCalendarViewAnimatorDelegate.swift in Sources */ = {isa = PBXBuildFile; fileRef = 0136BDA41D01459700BFF1C5 /* CVCalendarViewAnimatorDelegate.swift */; };
		0136BDC11D01459700BFF1C5 /* CVCalendarViewAppearance.swift in Sources */ = {isa = PBXBuildFile; fileRef = 0136BDA51D01459700BFF1C5 /* CVCalendarViewAppearance.swift */; };
		0136BDC21D01459700BFF1C5 /* CVCalendarViewAppearanceDelegate.swift in Sources */ = {isa = PBXBuildFile; fileRef = 0136BDA61D01459700BFF1C5 /* CVCalendarViewAppearanceDelegate.swift */; };
		0136BDC31D01459700BFF1C5 /* CVCalendarViewDelegate.swift in Sources */ = {isa = PBXBuildFile; fileRef = 0136BDA71D01459700BFF1C5 /* CVCalendarViewDelegate.swift */; };
		0136BDC41D01459700BFF1C5 /* CVCalendarViewPresentationMode.swift in Sources */ = {isa = PBXBuildFile; fileRef = 0136BDA81D01459700BFF1C5 /* CVCalendarViewPresentationMode.swift */; };
		0136BDC51D01459700BFF1C5 /* CVCalendarWeekContentViewController.swift in Sources */ = {isa = PBXBuildFile; fileRef = 0136BDA91D01459700BFF1C5 /* CVCalendarWeekContentViewController.swift */; };
		0136BDC61D01459700BFF1C5 /* CVCalendarWeekday.swift in Sources */ = {isa = PBXBuildFile; fileRef = 0136BDAA1D01459700BFF1C5 /* CVCalendarWeekday.swift */; };
		0136BDC71D01459700BFF1C5 /* CVCalendarWeekView.swift in Sources */ = {isa = PBXBuildFile; fileRef = 0136BDAB1D01459700BFF1C5 /* CVCalendarWeekView.swift */; };
		0136BDC81D01459700BFF1C5 /* CVDate.swift in Sources */ = {isa = PBXBuildFile; fileRef = 0136BDAC1D01459700BFF1C5 /* CVDate.swift */; };
		0136BDC91D01459700BFF1C5 /* CVRange.swift in Sources */ = {isa = PBXBuildFile; fileRef = 0136BDAD1D01459700BFF1C5 /* CVRange.swift */; };
		0136BDCA1D01459700BFF1C5 /* CVScrollDirection.swift in Sources */ = {isa = PBXBuildFile; fileRef = 0136BDAE1D01459700BFF1C5 /* CVScrollDirection.swift */; };
		0136BDCB1D01459700BFF1C5 /* CVSelectionType.swift in Sources */ = {isa = PBXBuildFile; fileRef = 0136BDAF1D01459700BFF1C5 /* CVSelectionType.swift */; };
		0136BDCC1D01459700BFF1C5 /* CVSet.swift in Sources */ = {isa = PBXBuildFile; fileRef = 0136BDB01D01459700BFF1C5 /* CVSet.swift */; };
		0136BDCD1D01459700BFF1C5 /* CVShape.swift in Sources */ = {isa = PBXBuildFile; fileRef = 0136BDB11D01459700BFF1C5 /* CVShape.swift */; };
		0136BDCE1D01459700BFF1C5 /* CVWeekdaySymbolType.swift in Sources */ = {isa = PBXBuildFile; fileRef = 0136BDB21D01459700BFF1C5 /* CVWeekdaySymbolType.swift */; };
		0136BDD31D01A10B00BFF1C5 /* NKScheduleController.swift in Sources */ = {isa = PBXBuildFile; fileRef = 0136BDD21D01A10B00BFF1C5 /* NKScheduleController.swift */; };
		0136BDD51D01A13900BFF1C5 /* NKWaitingController.swift in Sources */ = {isa = PBXBuildFile; fileRef = 0136BDD41D01A13900BFF1C5 /* NKWaitingController.swift */; };
		0136BDD71D01A14D00BFF1C5 /* NKOverdueController.swift in Sources */ = {isa = PBXBuildFile; fileRef = 0136BDD61D01A14D00BFF1C5 /* NKOverdueController.swift */; };
		0136BDD91D01A15D00BFF1C5 /* NKPassedController.swift in Sources */ = {isa = PBXBuildFile; fileRef = 0136BDD81D01A15D00BFF1C5 /* NKPassedController.swift */; };
		0136BDDB1D01A33A00BFF1C5 /* NKWaitingController.storyboard in Resources */ = {isa = PBXBuildFile; fileRef = 0136BDDA1D01A33A00BFF1C5 /* NKWaitingController.storyboard */; };
		0136BE181D01AAE900BFF1C5 /* WMFooldView.m in Sources */ = {isa = PBXBuildFile; fileRef = 0136BE0C1D01AAE900BFF1C5 /* WMFooldView.m */; };
		0136BE191D01AAE900BFF1C5 /* WMMenuItem.m in Sources */ = {isa = PBXBuildFile; fileRef = 0136BE0E1D01AAE900BFF1C5 /* WMMenuItem.m */; };
		0136BE1A1D01AAE900BFF1C5 /* WMMenuView.m in Sources */ = {isa = PBXBuildFile; fileRef = 0136BE101D01AAE900BFF1C5 /* WMMenuView.m */; };
		0136BE1B1D01AAE900BFF1C5 /* WMProgressView.m in Sources */ = {isa = PBXBuildFile; fileRef = 0136BE121D01AAE900BFF1C5 /* WMProgressView.m */; };
		0136BE1C1D01AAE900BFF1C5 /* WMScrollView.m in Sources */ = {isa = PBXBuildFile; fileRef = 0136BE141D01AAE900BFF1C5 /* WMScrollView.m */; };
		0136BE1D1D01AAE900BFF1C5 /* WMPageController.m in Sources */ = {isa = PBXBuildFile; fileRef = 0136BE171D01AAE900BFF1C5 /* WMPageController.m */; };
		0136BE1F1D01ABF200BFF1C5 /* Constant.swift in Sources */ = {isa = PBXBuildFile; fileRef = 0136BE1E1D01ABF200BFF1C5 /* Constant.swift */; };
		018B922E1C5DCCF500236E16 /* NKPlatformManager.swift in Sources */ = {isa = PBXBuildFile; fileRef = 018B922D1C5DCCF500236E16 /* NKPlatformManager.swift */; };
		018B92301C5DD14C00236E16 /* NKLibraryAPI.swift in Sources */ = {isa = PBXBuildFile; fileRef = 018B922F1C5DD14C00236E16 /* NKLibraryAPI.swift */; };
		018B92361C5E244C00236E16 /* Realm.framework in Frameworks */ = {isa = PBXBuildFile; fileRef = 018B92351C5E244C00236E16 /* Realm.framework */; };
		018B92371C5E244C00236E16 /* Realm.framework in Embed Frameworks */ = {isa = PBXBuildFile; fileRef = 018B92351C5E244C00236E16 /* Realm.framework */; settings = {ATTRIBUTES = (CodeSignOnCopy, RemoveHeadersOnCopy, ); }; };
		018B92391C5E245B00236E16 /* RealmSwift.framework in Frameworks */ = {isa = PBXBuildFile; fileRef = 018B92381C5E245B00236E16 /* RealmSwift.framework */; };
		018B923A1C5E245B00236E16 /* RealmSwift.framework in Embed Frameworks */ = {isa = PBXBuildFile; fileRef = 018B92381C5E245B00236E16 /* RealmSwift.framework */; settings = {ATTRIBUTES = (CodeSignOnCopy, RemoveHeadersOnCopy, ); }; };
		018DF91B1C78471D00FA9F62 /* Charts.framework in Frameworks */ = {isa = PBXBuildFile; fileRef = 018DF91A1C78471D00FA9F62 /* Charts.framework */; };
		018DF91C1C78471D00FA9F62 /* Charts.framework in Embed Frameworks */ = {isa = PBXBuildFile; fileRef = 018DF91A1C78471D00FA9F62 /* Charts.framework */; settings = {ATTRIBUTES = (CodeSignOnCopy, RemoveHeadersOnCopy, ); }; };
		018DF91E1C78479A00FA9F62 /* NKBarChartController.swift in Sources */ = {isa = PBXBuildFile; fileRef = 018DF91D1C78479A00FA9F62 /* NKBarChartController.swift */; };
		018DF9241C79BA5800FA9F62 /* NKAnalyzeController.swift in Sources */ = {isa = PBXBuildFile; fileRef = 018DF9231C79BA5800FA9F62 /* NKAnalyzeController.swift */; };
		018DF9261C79CB0600FA9F62 /* NKIconLabel.swift in Sources */ = {isa = PBXBuildFile; fileRef = 018DF9251C79CB0600FA9F62 /* NKIconLabel.swift */; };
		018DF9281C79E04500FA9F62 /* NKLetterController.swift in Sources */ = {isa = PBXBuildFile; fileRef = 018DF9271C79E04500FA9F62 /* NKLetterController.swift */; };
		018DF92A1C79EA0000FA9F62 /* letter.html in Resources */ = {isa = PBXBuildFile; fileRef = 018DF9291C79EA0000FA9F62 /* letter.html */; };
		018DF92C1C79F86600FA9F62 /* NKCircleCornerButton.swift in Sources */ = {isa = PBXBuildFile; fileRef = 018DF92B1C79F86600FA9F62 /* NKCircleCornerButton.swift */; };
		01A2791B1C63851C000FC9E1 /* CircularProgressView.swift in Sources */ = {isa = PBXBuildFile; fileRef = 01A2791A1C63851C000FC9E1 /* CircularProgressView.swift */; };
		01A2791D1C639BD6000FC9E1 /* NKChooseNoticeTimeController.swift in Sources */ = {isa = PBXBuildFile; fileRef = 01A2791C1C639BD6000FC9E1 /* NKChooseNoticeTimeController.swift */; };
		01E1C1CF1C5CBBBB00EF6B5A /* AppDelegate.swift in Sources */ = {isa = PBXBuildFile; fileRef = 01E1C1CE1C5CBBBB00EF6B5A /* AppDelegate.swift */; };
		01E1C1D61C5CBBBB00EF6B5A /* Assets.xcassets in Resources */ = {isa = PBXBuildFile; fileRef = 01E1C1D51C5CBBBB00EF6B5A /* Assets.xcassets */; };
		01E1C1D91C5CBBBB00EF6B5A /* LaunchScreen.storyboard in Resources */ = {isa = PBXBuildFile; fileRef = 01E1C1D71C5CBBBB00EF6B5A /* LaunchScreen.storyboard */; };
		01E1C1E41C5CBC8600EF6B5A /* NKBaseViewController.swift in Sources */ = {isa = PBXBuildFile; fileRef = 01E1C1E31C5CBC8600EF6B5A /* NKBaseViewController.swift */; };
		01E1C1E61C5CBCAA00EF6B5A /* NKNavigationController.swift in Sources */ = {isa = PBXBuildFile; fileRef = 01E1C1E51C5CBCAA00EF6B5A /* NKNavigationController.swift */; };
		01E1C1E81C5CBCCD00EF6B5A /* NKTabBarController.swift in Sources */ = {isa = PBXBuildFile; fileRef = 01E1C1E71C5CBCCD00EF6B5A /* NKTabBarController.swift */; };
		01E1C1EC1C5CBE8300EF6B5A /* NKIndexController.swift in Sources */ = {isa = PBXBuildFile; fileRef = 01E1C1EB1C5CBE8300EF6B5A /* NKIndexController.swift */; };
		01E1C1F01C5CBF0F00EF6B5A /* NKComposeController.swift in Sources */ = {isa = PBXBuildFile; fileRef = 01E1C1EF1C5CBF0F00EF6B5A /* NKComposeController.swift */; };
		01E1C1F21C5CBF4800EF6B5A /* NKRecordController.swift in Sources */ = {isa = PBXBuildFile; fileRef = 01E1C1F11C5CBF4800EF6B5A /* NKRecordController.swift */; };
		01E1C1F41C5CBF5E00EF6B5A /* NKMoreController.swift in Sources */ = {isa = PBXBuildFile; fileRef = 01E1C1F31C5CBF5E00EF6B5A /* NKMoreController.swift */; };
		01E1C1F61C5CCA7200EF6B5A /* NKAccount.swift in Sources */ = {isa = PBXBuildFile; fileRef = 01E1C1F51C5CCA7200EF6B5A /* NKAccount.swift */; };
		01E1C1F81C5CCE0300EF6B5A /* NKPlatform.swift in Sources */ = {isa = PBXBuildFile; fileRef = 01E1C1F71C5CCE0300EF6B5A /* NKPlatform.swift */; };
		01E1C20A1C5CDFC400EF6B5A /* NKPlatformController.swift in Sources */ = {isa = PBXBuildFile; fileRef = 01E1C2091C5CDFC400EF6B5A /* NKPlatformController.swift */; };
		01E1C2161C5CF6B900EF6B5A /* Cartfile in Resources */ = {isa = PBXBuildFile; fileRef = 01E1C2151C5CF6B900EF6B5A /* Cartfile */; };
		01E1C2181C5CF73A00EF6B5A /* Chameleon.framework in Frameworks */ = {isa = PBXBuildFile; fileRef = 01E1C2171C5CF73A00EF6B5A /* Chameleon.framework */; };
		01E1C2191C5CF73A00EF6B5A /* Chameleon.framework in Embed Frameworks */ = {isa = PBXBuildFile; fileRef = 01E1C2171C5CF73A00EF6B5A /* Chameleon.framework */; settings = {ATTRIBUTES = (CodeSignOnCopy, RemoveHeadersOnCopy, ); }; };
		01F8020B1C64862100246912 /* NKNotificationManager.swift in Sources */ = {isa = PBXBuildFile; fileRef = 01F8020A1C64862100246912 /* NKNotificationManager.swift */; };
		01FC3A9F1C5F242600176931 /* NKAccountManager.swift in Sources */ = {isa = PBXBuildFile; fileRef = 01FC3A9E1C5F242600176931 /* NKAccountManager.swift */; };
		01FC3AA11C5F496200176931 /* NKItem.swift in Sources */ = {isa = PBXBuildFile; fileRef = 01FC3AA01C5F496200176931 /* NKItem.swift */; };
		01FC3AA51C5F63CC00176931 /* NKAlgorithm.swift in Sources */ = {isa = PBXBuildFile; fileRef = 01FC3AA41C5F63CC00176931 /* NKAlgorithm.swift */; };
		01FC3AA81C60493300176931 /* NKConfigure.swift in Sources */ = {isa = PBXBuildFile; fileRef = 01FC3AA71C60493300176931 /* NKConfigure.swift */; };
		460A141F1C6F66560011C8E3 /* NKIndexSectionHeader.swift in Sources */ = {isa = PBXBuildFile; fileRef = 460A141E1C6F66560011C8E3 /* NKIndexSectionHeader.swift */; };
		460A14211C6F66720011C8E3 /* NKIndexSectionHeader.xib in Resources */ = {isa = PBXBuildFile; fileRef = 460A14201C6F66720011C8E3 /* NKIndexSectionHeader.xib */; };
		460A142C1C6F907A0011C8E3 /* NKPieChartController.swift in Sources */ = {isa = PBXBuildFile; fileRef = 460A142B1C6F907A0011C8E3 /* NKPieChartController.swift */; };
		460A142E1C6FAE290011C8E3 /* NKAccountCell.xib in Resources */ = {isa = PBXBuildFile; fileRef = 460A142D1C6FAE290011C8E3 /* NKAccountCell.xib */; };
/* End PBXBuildFile section */

/* Begin PBXCopyFilesBuildPhase section */
		01E1C21A1C5CF73B00EF6B5A /* Embed Frameworks */ = {
			isa = PBXCopyFilesBuildPhase;
			buildActionMask = 2147483647;
			dstPath = "";
			dstSubfolderSpec = 10;
			files = (
				018B92371C5E244C00236E16 /* Realm.framework in Embed Frameworks */,
				018DF91C1C78471D00FA9F62 /* Charts.framework in Embed Frameworks */,
				018B923A1C5E245B00236E16 /* RealmSwift.framework in Embed Frameworks */,
				01E1C2191C5CF73A00EF6B5A /* Chameleon.framework in Embed Frameworks */,
			);
			name = "Embed Frameworks";
			runOnlyForDeploymentPostprocessing = 0;
		};
/* End PBXCopyFilesBuildPhase section */

/* Begin PBXFileReference section */
		011524F21C609A6F000D9539 /* NKAccountCell.swift */ = {isa = PBXFileReference; fileEncoding = 4; lastKnownFileType = sourcecode.swift; path = NKAccountCell.swift; sourceTree = "<group>"; };
		011524F61C60A6D7000D9539 /* NKAccount_Compose.swift */ = {isa = PBXFileReference; fileEncoding = 4; lastKnownFileType = sourcecode.swift; path = NKAccount_Compose.swift; sourceTree = "<group>"; };
		011524F81C60A6FD000D9539 /* NKAccount_Record.swift */ = {isa = PBXFileReference; fileEncoding = 4; lastKnownFileType = sourcecode.swift; path = NKAccount_Record.swift; sourceTree = "<group>"; };
		011524FC1C60AECC000D9539 /* NKIndexCell.swift */ = {isa = PBXFileReference; fileEncoding = 4; lastKnownFileType = sourcecode.swift; path = NKIndexCell.swift; sourceTree = "<group>"; };
		011524FD1C60AECC000D9539 /* NKIndexCell.xib */ = {isa = PBXFileReference; fileEncoding = 4; lastKnownFileType = file.xib; path = NKIndexCell.xib; sourceTree = "<group>"; };
		011525001C60B0A0000D9539 /* NKPlatform_Index.swift */ = {isa = PBXFileReference; fileEncoding = 4; lastKnownFileType = sourcecode.swift; path = NKPlatform_Index.swift; sourceTree = "<group>"; };
		011525041C60D38A000D9539 /* Main.storyboard */ = {isa = PBXFileReference; fileEncoding = 4; lastKnownFileType = file.storyboard; path = Main.storyboard; sourceTree = "<group>"; };
		0115250A1C61C3AD000D9539 /* NKScheduleCell.swift */ = {isa = PBXFileReference; fileEncoding = 4; lastKnownFileType = sourcecode.swift; path = NKScheduleCell.swift; sourceTree = "<group>"; };
		0115250B1C61C3AD000D9539 /* NKScheduleCell.xib */ = {isa = PBXFileReference; fileEncoding = 4; lastKnownFileType = file.xib; path = NKScheduleCell.xib; sourceTree = "<group>"; };
		0115250E1C61F119000D9539 /* NKDetailController.swift */ = {isa = PBXFileReference; fileEncoding = 4; lastKnownFileType = sourcecode.swift; path = NKDetailController.swift; sourceTree = "<group>"; };
		011525101C61F2C9000D9539 /* NKDetailItemCell.swift */ = {isa = PBXFileReference; fileEncoding = 4; lastKnownFileType = sourcecode.swift; path = NKDetailItemCell.swift; sourceTree = "<group>"; };
		011525121C61FCF2000D9539 /* NKItem_Detail.swift */ = {isa = PBXFileReference; fileEncoding = 4; lastKnownFileType = sourcecode.swift; path = NKItem_Detail.swift; sourceTree = "<group>"; };
		011525141C6200F1000D9539 /* NKItem_Schedule.swift */ = {isa = PBXFileReference; fileEncoding = 4; lastKnownFileType = sourcecode.swift; path = NKItem_Schedule.swift; sourceTree = "<group>"; };
		011525161C62040A000D9539 /* NKDetailHeader.swift */ = {isa = PBXFileReference; fileEncoding = 4; lastKnownFileType = sourcecode.swift; path = NKDetailHeader.swift; sourceTree = "<group>"; };
		011525181C6205CB000D9539 /* NKDetailHeader.xib */ = {isa = PBXFileReference; fileEncoding = 4; lastKnownFileType = file.xib; path = NKDetailHeader.xib; sourceTree = "<group>"; };
		0117442E1C68B01F00CD0A7D /* NKTextField.swift */ = {isa = PBXFileReference; fileEncoding = 4; lastKnownFileType = sourcecode.swift; path = NKTextField.swift; sourceTree = "<group>"; };
		011744531C69E78200CD0A7D /* Easing.swift */ = {isa = PBXFileReference; fileEncoding = 4; lastKnownFileType = sourcecode.swift; path = Easing.swift; sourceTree = "<group>"; };
		011744541C69E78200CD0A7D /* NSDateExtension.swift */ = {isa = PBXFileReference; fileEncoding = 4; lastKnownFileType = sourcecode.swift; path = NSDateExtension.swift; sourceTree = "<group>"; };
		011744551C69E78200CD0A7D /* UILabel+Animate.swift */ = {isa = PBXFileReference; fileEncoding = 4; lastKnownFileType = sourcecode.swift; path = "UILabel+Animate.swift"; sourceTree = "<group>"; };
		0136BD981D01459700BFF1C5 /* CVAuxiliaryView.swift */ = {isa = PBXFileReference; fileEncoding = 4; lastKnownFileType = sourcecode.swift; path = CVAuxiliaryView.swift; sourceTree = "<group>"; };
		0136BD991D01459700BFF1C5 /* CVCalendarContentViewController.swift */ = {isa = PBXFileReference; fileEncoding = 4; lastKnownFileType = sourcecode.swift; path = CVCalendarContentViewController.swift; sourceTree = "<group>"; };
		0136BD9A1D01459700BFF1C5 /* CVCalendarDayView.swift */ = {isa = PBXFileReference; fileEncoding = 4; lastKnownFileType = sourcecode.swift; path = CVCalendarDayView.swift; sourceTree = "<group>"; };
		0136BD9B1D01459700BFF1C5 /* CVCalendarDayViewControlCoordinator.swift */ = {isa = PBXFileReference; fileEncoding = 4; lastKnownFileType = sourcecode.swift; path = CVCalendarDayViewControlCoordinator.swift; sourceTree = "<group>"; };
		0136BD9C1D01459700BFF1C5 /* CVCalendarManager.swift */ = {isa = PBXFileReference; fileEncoding = 4; lastKnownFileType = sourcecode.swift; path = CVCalendarManager.swift; sourceTree = "<group>"; };
		0136BD9D1D01459700BFF1C5 /* CVCalendarMenuView.swift */ = {isa = PBXFileReference; fileEncoding = 4; lastKnownFileType = sourcecode.swift; path = CVCalendarMenuView.swift; sourceTree = "<group>"; };
		0136BD9E1D01459700BFF1C5 /* CVCalendarMenuViewDelegate.swift */ = {isa = PBXFileReference; fileEncoding = 4; lastKnownFileType = sourcecode.swift; path = CVCalendarMenuViewDelegate.swift; sourceTree = "<group>"; };
		0136BD9F1D01459700BFF1C5 /* CVCalendarMonthContentViewController.swift */ = {isa = PBXFileReference; fileEncoding = 4; lastKnownFileType = sourcecode.swift; path = CVCalendarMonthContentViewController.swift; sourceTree = "<group>"; };
		0136BDA01D01459700BFF1C5 /* CVCalendarMonthView.swift */ = {isa = PBXFileReference; fileEncoding = 4; lastKnownFileType = sourcecode.swift; path = CVCalendarMonthView.swift; sourceTree = "<group>"; };
		0136BDA11D01459700BFF1C5 /* CVCalendarTouchController.swift */ = {isa = PBXFileReference; fileEncoding = 4; lastKnownFileType = sourcecode.swift; path = CVCalendarTouchController.swift; sourceTree = "<group>"; };
		0136BDA21D01459700BFF1C5 /* CVCalendarView.swift */ = {isa = PBXFileReference; fileEncoding = 4; lastKnownFileType = sourcecode.swift; path = CVCalendarView.swift; sourceTree = "<group>"; };
		0136BDA31D01459700BFF1C5 /* CVCalendarViewAnimator.swift */ = {isa = PBXFileReference; fileEncoding = 4; lastKnownFileType = sourcecode.swift; path = CVCalendarViewAnimator.swift; sourceTree = "<group>"; };
		0136BDA41D01459700BFF1C5 /* CVCalendarViewAnimatorDelegate.swift */ = {isa = PBXFileReference; fileEncoding = 4; lastKnownFileType = sourcecode.swift; path = CVCalendarViewAnimatorDelegate.swift; sourceTree = "<group>"; };
		0136BDA51D01459700BFF1C5 /* CVCalendarViewAppearance.swift */ = {isa = PBXFileReference; fileEncoding = 4; lastKnownFileType = sourcecode.swift; path = CVCalendarViewAppearance.swift; sourceTree = "<group>"; };
		0136BDA61D01459700BFF1C5 /* CVCalendarViewAppearanceDelegate.swift */ = {isa = PBXFileReference; fileEncoding = 4; lastKnownFileType = sourcecode.swift; path = CVCalendarViewAppearanceDelegate.swift; sourceTree = "<group>"; };
		0136BDA71D01459700BFF1C5 /* CVCalendarViewDelegate.swift */ = {isa = PBXFileReference; fileEncoding = 4; lastKnownFileType = sourcecode.swift; path = CVCalendarViewDelegate.swift; sourceTree = "<group>"; };
		0136BDA81D01459700BFF1C5 /* CVCalendarViewPresentationMode.swift */ = {isa = PBXFileReference; fileEncoding = 4; lastKnownFileType = sourcecode.swift; path = CVCalendarViewPresentationMode.swift; sourceTree = "<group>"; };
		0136BDA91D01459700BFF1C5 /* CVCalendarWeekContentViewController.swift */ = {isa = PBXFileReference; fileEncoding = 4; lastKnownFileType = sourcecode.swift; path = CVCalendarWeekContentViewController.swift; sourceTree = "<group>"; };
		0136BDAA1D01459700BFF1C5 /* CVCalendarWeekday.swift */ = {isa = PBXFileReference; fileEncoding = 4; lastKnownFileType = sourcecode.swift; path = CVCalendarWeekday.swift; sourceTree = "<group>"; };
		0136BDAB1D01459700BFF1C5 /* CVCalendarWeekView.swift */ = {isa = PBXFileReference; fileEncoding = 4; lastKnownFileType = sourcecode.swift; path = CVCalendarWeekView.swift; sourceTree = "<group>"; };
		0136BDAC1D01459700BFF1C5 /* CVDate.swift */ = {isa = PBXFileReference; fileEncoding = 4; lastKnownFileType = sourcecode.swift; path = CVDate.swift; sourceTree = "<group>"; };
		0136BDAD1D01459700BFF1C5 /* CVRange.swift */ = {isa = PBXFileReference; fileEncoding = 4; lastKnownFileType = sourcecode.swift; path = CVRange.swift; sourceTree = "<group>"; };
		0136BDAE1D01459700BFF1C5 /* CVScrollDirection.swift */ = {isa = PBXFileReference; fileEncoding = 4; lastKnownFileType = sourcecode.swift; path = CVScrollDirection.swift; sourceTree = "<group>"; };
		0136BDAF1D01459700BFF1C5 /* CVSelectionType.swift */ = {isa = PBXFileReference; fileEncoding = 4; lastKnownFileType = sourcecode.swift; path = CVSelectionType.swift; sourceTree = "<group>"; };
		0136BDB01D01459700BFF1C5 /* CVSet.swift */ = {isa = PBXFileReference; fileEncoding = 4; lastKnownFileType = sourcecode.swift; path = CVSet.swift; sourceTree = "<group>"; };
		0136BDB11D01459700BFF1C5 /* CVShape.swift */ = {isa = PBXFileReference; fileEncoding = 4; lastKnownFileType = sourcecode.swift; path = CVShape.swift; sourceTree = "<group>"; };
		0136BDB21D01459700BFF1C5 /* CVWeekdaySymbolType.swift */ = {isa = PBXFileReference; fileEncoding = 4; lastKnownFileType = sourcecode.swift; path = CVWeekdaySymbolType.swift; sourceTree = "<group>"; };
		0136BDD21D01A10B00BFF1C5 /* NKScheduleController.swift */ = {isa = PBXFileReference; fileEncoding = 4; lastKnownFileType = sourcecode.swift; path = NKScheduleController.swift; sourceTree = "<group>"; };
		0136BDD41D01A13900BFF1C5 /* NKWaitingController.swift */ = {isa = PBXFileReference; fileEncoding = 4; lastKnownFileType = sourcecode.swift; path = NKWaitingController.swift; sourceTree = "<group>"; };
		0136BDD61D01A14D00BFF1C5 /* NKOverdueController.swift */ = {isa = PBXFileReference; fileEncoding = 4; lastKnownFileType = sourcecode.swift; path = NKOverdueController.swift; sourceTree = "<group>"; };
		0136BDD81D01A15D00BFF1C5 /* NKPassedController.swift */ = {isa = PBXFileReference; fileEncoding = 4; lastKnownFileType = sourcecode.swift; path = NKPassedController.swift; sourceTree = "<group>"; };
		0136BDDA1D01A33A00BFF1C5 /* NKWaitingController.storyboard */ = {isa = PBXFileReference; fileEncoding = 4; lastKnownFileType = file.storyboard; path = NKWaitingController.storyboard; sourceTree = "<group>"; };
		0136BE051D01AAA800BFF1C5 /* NKBill-Bridging-Header.h */ = {isa = PBXFileReference; lastKnownFileType = sourcecode.c.h; path = "NKBill-Bridging-Header.h"; sourceTree = "<group>"; };
		0136BE0B1D01AAE900BFF1C5 /* WMFooldView.h */ = {isa = PBXFileReference; fileEncoding = 4; lastKnownFileType = sourcecode.c.h; path = WMFooldView.h; sourceTree = "<group>"; };
		0136BE0C1D01AAE900BFF1C5 /* WMFooldView.m */ = {isa = PBXFileReference; fileEncoding = 4; lastKnownFileType = sourcecode.c.objc; path = WMFooldView.m; sourceTree = "<group>"; };
		0136BE0D1D01AAE900BFF1C5 /* WMMenuItem.h */ = {isa = PBXFileReference; fileEncoding = 4; lastKnownFileType = sourcecode.c.h; path = WMMenuItem.h; sourceTree = "<group>"; };
		0136BE0E1D01AAE900BFF1C5 /* WMMenuItem.m */ = {isa = PBXFileReference; fileEncoding = 4; lastKnownFileType = sourcecode.c.objc; path = WMMenuItem.m; sourceTree = "<group>"; };
		0136BE0F1D01AAE900BFF1C5 /* WMMenuView.h */ = {isa = PBXFileReference; fileEncoding = 4; lastKnownFileType = sourcecode.c.h; path = WMMenuView.h; sourceTree = "<group>"; };
		0136BE101D01AAE900BFF1C5 /* WMMenuView.m */ = {isa = PBXFileReference; fileEncoding = 4; lastKnownFileType = sourcecode.c.objc; path = WMMenuView.m; sourceTree = "<group>"; };
		0136BE111D01AAE900BFF1C5 /* WMProgressView.h */ = {isa = PBXFileReference; fileEncoding = 4; lastKnownFileType = sourcecode.c.h; path = WMProgressView.h; sourceTree = "<group>"; };
		0136BE121D01AAE900BFF1C5 /* WMProgressView.m */ = {isa = PBXFileReference; fileEncoding = 4; lastKnownFileType = sourcecode.c.objc; path = WMProgressView.m; sourceTree = "<group>"; };
		0136BE131D01AAE900BFF1C5 /* WMScrollView.h */ = {isa = PBXFileReference; fileEncoding = 4; lastKnownFileType = sourcecode.c.h; path = WMScrollView.h; sourceTree = "<group>"; };
		0136BE141D01AAE900BFF1C5 /* WMScrollView.m */ = {isa = PBXFileReference; fileEncoding = 4; lastKnownFileType = sourcecode.c.objc; path = WMScrollView.m; sourceTree = "<group>"; };
		0136BE151D01AAE900BFF1C5 /* WMPageConst.h */ = {isa = PBXFileReference; fileEncoding = 4; lastKnownFileType = sourcecode.c.h; path = WMPageConst.h; sourceTree = "<group>"; };
		0136BE161D01AAE900BFF1C5 /* WMPageController.h */ = {isa = PBXFileReference; fileEncoding = 4; lastKnownFileType = sourcecode.c.h; path = WMPageController.h; sourceTree = "<group>"; };
		0136BE171D01AAE900BFF1C5 /* WMPageController.m */ = {isa = PBXFileReference; fileEncoding = 4; lastKnownFileType = sourcecode.c.objc; path = WMPageController.m; sourceTree = "<group>"; };
		0136BE1E1D01ABF200BFF1C5 /* Constant.swift */ = {isa = PBXFileReference; fileEncoding = 4; lastKnownFileType = sourcecode.swift; path = Constant.swift; sourceTree = "<group>"; };
		018B922D1C5DCCF500236E16 /* NKPlatformManager.swift */ = {isa = PBXFileReference; fileEncoding = 4; lastKnownFileType = sourcecode.swift; path = NKPlatformManager.swift; sourceTree = "<group>"; };
		018B922F1C5DD14C00236E16 /* NKLibraryAPI.swift */ = {isa = PBXFileReference; fileEncoding = 4; lastKnownFileType = sourcecode.swift; path = NKLibraryAPI.swift; sourceTree = "<group>"; };
		018B92351C5E244C00236E16 /* Realm.framework */ = {isa = PBXFileReference; lastKnownFileType = wrapper.framework; name = Realm.framework; path = Carthage/Build/iOS/Realm.framework; sourceTree = "<group>"; };
		018B92381C5E245B00236E16 /* RealmSwift.framework */ = {isa = PBXFileReference; lastKnownFileType = wrapper.framework; name = RealmSwift.framework; path = Carthage/Build/iOS/RealmSwift.framework; sourceTree = "<group>"; };
		018DF91A1C78471D00FA9F62 /* Charts.framework */ = {isa = PBXFileReference; lastKnownFileType = wrapper.framework; name = Charts.framework; path = Carthage/Build/iOS/Charts.framework; sourceTree = "<group>"; };
		018DF91D1C78479A00FA9F62 /* NKBarChartController.swift */ = {isa = PBXFileReference; fileEncoding = 4; lastKnownFileType = sourcecode.swift; path = NKBarChartController.swift; sourceTree = "<group>"; };
		018DF9231C79BA5800FA9F62 /* NKAnalyzeController.swift */ = {isa = PBXFileReference; fileEncoding = 4; lastKnownFileType = sourcecode.swift; path = NKAnalyzeController.swift; sourceTree = "<group>"; };
		018DF9251C79CB0600FA9F62 /* NKIconLabel.swift */ = {isa = PBXFileReference; fileEncoding = 4; lastKnownFileType = sourcecode.swift; path = NKIconLabel.swift; sourceTree = "<group>"; };
		018DF9271C79E04500FA9F62 /* NKLetterController.swift */ = {isa = PBXFileReference; fileEncoding = 4; lastKnownFileType = sourcecode.swift; path = NKLetterController.swift; sourceTree = "<group>"; };
		018DF9291C79EA0000FA9F62 /* letter.html */ = {isa = PBXFileReference; fileEncoding = 4; lastKnownFileType = text.html; path = letter.html; sourceTree = "<group>"; };
		018DF92B1C79F86600FA9F62 /* NKCircleCornerButton.swift */ = {isa = PBXFileReference; fileEncoding = 4; lastKnownFileType = sourcecode.swift; path = NKCircleCornerButton.swift; sourceTree = "<group>"; };
		01A2791A1C63851C000FC9E1 /* CircularProgressView.swift */ = {isa = PBXFileReference; fileEncoding = 4; lastKnownFileType = sourcecode.swift; path = CircularProgressView.swift; sourceTree = "<group>"; };
		01A2791C1C639BD6000FC9E1 /* NKChooseNoticeTimeController.swift */ = {isa = PBXFileReference; fileEncoding = 4; lastKnownFileType = sourcecode.swift; path = NKChooseNoticeTimeController.swift; sourceTree = "<group>"; };
		01E1C1CB1C5CBBBB00EF6B5A /* NKBill.app */ = {isa = PBXFileReference; explicitFileType = wrapper.application; includeInIndex = 0; path = NKBill.app; sourceTree = BUILT_PRODUCTS_DIR; };
		01E1C1CE1C5CBBBB00EF6B5A /* AppDelegate.swift */ = {isa = PBXFileReference; lastKnownFileType = sourcecode.swift; path = AppDelegate.swift; sourceTree = "<group>"; };
		01E1C1D51C5CBBBB00EF6B5A /* Assets.xcassets */ = {isa = PBXFileReference; lastKnownFileType = folder.assetcatalog; path = Assets.xcassets; sourceTree = "<group>"; };
		01E1C1D81C5CBBBB00EF6B5A /* Base */ = {isa = PBXFileReference; lastKnownFileType = file.storyboard; name = Base; path = Base.lproj/LaunchScreen.storyboard; sourceTree = "<group>"; };
		01E1C1DA1C5CBBBB00EF6B5A /* Info.plist */ = {isa = PBXFileReference; lastKnownFileType = text.plist.xml; path = Info.plist; sourceTree = "<group>"; };
		01E1C1E31C5CBC8600EF6B5A /* NKBaseViewController.swift */ = {isa = PBXFileReference; fileEncoding = 4; lastKnownFileType = sourcecode.swift; path = NKBaseViewController.swift; sourceTree = "<group>"; };
		01E1C1E51C5CBCAA00EF6B5A /* NKNavigationController.swift */ = {isa = PBXFileReference; fileEncoding = 4; lastKnownFileType = sourcecode.swift; path = NKNavigationController.swift; sourceTree = "<group>"; };
		01E1C1E71C5CBCCD00EF6B5A /* NKTabBarController.swift */ = {isa = PBXFileReference; fileEncoding = 4; lastKnownFileType = sourcecode.swift; path = NKTabBarController.swift; sourceTree = "<group>"; };
		01E1C1EB1C5CBE8300EF6B5A /* NKIndexController.swift */ = {isa = PBXFileReference; fileEncoding = 4; lastKnownFileType = sourcecode.swift; path = NKIndexController.swift; sourceTree = "<group>"; };
		01E1C1EF1C5CBF0F00EF6B5A /* NKComposeController.swift */ = {isa = PBXFileReference; fileEncoding = 4; lastKnownFileType = sourcecode.swift; path = NKComposeController.swift; sourceTree = "<group>"; };
		01E1C1F11C5CBF4800EF6B5A /* NKRecordController.swift */ = {isa = PBXFileReference; fileEncoding = 4; lastKnownFileType = sourcecode.swift; path = NKRecordController.swift; sourceTree = "<group>"; };
		01E1C1F31C5CBF5E00EF6B5A /* NKMoreController.swift */ = {isa = PBXFileReference; fileEncoding = 4; lastKnownFileType = sourcecode.swift; path = NKMoreController.swift; sourceTree = "<group>"; };
		01E1C1F51C5CCA7200EF6B5A /* NKAccount.swift */ = {isa = PBXFileReference; fileEncoding = 4; lastKnownFileType = sourcecode.swift; path = NKAccount.swift; sourceTree = "<group>"; };
		01E1C1F71C5CCE0300EF6B5A /* NKPlatform.swift */ = {isa = PBXFileReference; fileEncoding = 4; lastKnownFileType = sourcecode.swift; path = NKPlatform.swift; sourceTree = "<group>"; };
		01E1C2091C5CDFC400EF6B5A /* NKPlatformController.swift */ = {isa = PBXFileReference; fileEncoding = 4; lastKnownFileType = sourcecode.swift; path = NKPlatformController.swift; sourceTree = "<group>"; };
		01E1C2151C5CF6B900EF6B5A /* Cartfile */ = {isa = PBXFileReference; fileEncoding = 4; lastKnownFileType = text; path = Cartfile; sourceTree = "<group>"; };
		01E1C2171C5CF73A00EF6B5A /* Chameleon.framework */ = {isa = PBXFileReference; lastKnownFileType = wrapper.framework; name = Chameleon.framework; path = Carthage/Build/iOS/Chameleon.framework; sourceTree = "<group>"; };
		01F8020A1C64862100246912 /* NKNotificationManager.swift */ = {isa = PBXFileReference; fileEncoding = 4; lastKnownFileType = sourcecode.swift; path = NKNotificationManager.swift; sourceTree = "<group>"; };
		01FC3A9E1C5F242600176931 /* NKAccountManager.swift */ = {isa = PBXFileReference; fileEncoding = 4; lastKnownFileType = sourcecode.swift; path = NKAccountManager.swift; sourceTree = "<group>"; };
		01FC3AA01C5F496200176931 /* NKItem.swift */ = {isa = PBXFileReference; fileEncoding = 4; lastKnownFileType = sourcecode.swift; path = NKItem.swift; sourceTree = "<group>"; };
		01FC3AA41C5F63CC00176931 /* NKAlgorithm.swift */ = {isa = PBXFileReference; fileEncoding = 4; lastKnownFileType = sourcecode.swift; path = NKAlgorithm.swift; sourceTree = "<group>"; };
		01FC3AA71C60493300176931 /* NKConfigure.swift */ = {isa = PBXFileReference; fileEncoding = 4; lastKnownFileType = sourcecode.swift; path = NKConfigure.swift; sourceTree = "<group>"; };
		460A141E1C6F66560011C8E3 /* NKIndexSectionHeader.swift */ = {isa = PBXFileReference; fileEncoding = 4; lastKnownFileType = sourcecode.swift; path = NKIndexSectionHeader.swift; sourceTree = "<group>"; };
		460A14201C6F66720011C8E3 /* NKIndexSectionHeader.xib */ = {isa = PBXFileReference; fileEncoding = 4; lastKnownFileType = file.xib; path = NKIndexSectionHeader.xib; sourceTree = "<group>"; };
		460A142B1C6F907A0011C8E3 /* NKPieChartController.swift */ = {isa = PBXFileReference; fileEncoding = 4; lastKnownFileType = sourcecode.swift; path = NKPieChartController.swift; sourceTree = "<group>"; };
		460A142D1C6FAE290011C8E3 /* NKAccountCell.xib */ = {isa = PBXFileReference; fileEncoding = 4; lastKnownFileType = file.xib; path = NKAccountCell.xib; sourceTree = "<group>"; };
/* End PBXFileReference section */

/* Begin PBXFrameworksBuildPhase section */
		01E1C1C81C5CBBBB00EF6B5A /* Frameworks */ = {
			isa = PBXFrameworksBuildPhase;
			buildActionMask = 2147483647;
			files = (
				018B92361C5E244C00236E16 /* Realm.framework in Frameworks */,
				018DF91B1C78471D00FA9F62 /* Charts.framework in Frameworks */,
				018B92391C5E245B00236E16 /* RealmSwift.framework in Frameworks */,
				01E1C2181C5CF73A00EF6B5A /* Chameleon.framework in Frameworks */,
			);
			runOnlyForDeploymentPostprocessing = 0;
		};
/* End PBXFrameworksBuildPhase section */

/* Begin PBXGroup section */
		011744521C69E78200CD0A7D /* Extension */ = {
			isa = PBXGroup;
			children = (
				011744531C69E78200CD0A7D /* Easing.swift */,
				011744541C69E78200CD0A7D /* NSDateExtension.swift */,
				011744551C69E78200CD0A7D /* UILabel+Animate.swift */,
			);
			path = Extension;
			sourceTree = "<group>";
		};
		0136BD961D01459700BFF1C5 /* Third */ = {
			isa = PBXGroup;
			children = (
				0136BE091D01AAE900BFF1C5 /* WMPageController */,
				0136BD971D01459700BFF1C5 /* CVCalendar */,
			);
			path = Third;
			sourceTree = "<group>";
		};
		0136BD971D01459700BFF1C5 /* CVCalendar */ = {
			isa = PBXGroup;
			children = (
				0136BD981D01459700BFF1C5 /* CVAuxiliaryView.swift */,
				0136BD991D01459700BFF1C5 /* CVCalendarContentViewController.swift */,
				0136BD9A1D01459700BFF1C5 /* CVCalendarDayView.swift */,
				0136BD9B1D01459700BFF1C5 /* CVCalendarDayViewControlCoordinator.swift */,
				0136BD9C1D01459700BFF1C5 /* CVCalendarManager.swift */,
				0136BD9D1D01459700BFF1C5 /* CVCalendarMenuView.swift */,
				0136BD9E1D01459700BFF1C5 /* CVCalendarMenuViewDelegate.swift */,
				0136BD9F1D01459700BFF1C5 /* CVCalendarMonthContentViewController.swift */,
				0136BDA01D01459700BFF1C5 /* CVCalendarMonthView.swift */,
				0136BDA11D01459700BFF1C5 /* CVCalendarTouchController.swift */,
				0136BDA21D01459700BFF1C5 /* CVCalendarView.swift */,
				0136BDA31D01459700BFF1C5 /* CVCalendarViewAnimator.swift */,
				0136BDA41D01459700BFF1C5 /* CVCalendarViewAnimatorDelegate.swift */,
				0136BDA51D01459700BFF1C5 /* CVCalendarViewAppearance.swift */,
				0136BDA61D01459700BFF1C5 /* CVCalendarViewAppearanceDelegate.swift */,
				0136BDA71D01459700BFF1C5 /* CVCalendarViewDelegate.swift */,
				0136BDA81D01459700BFF1C5 /* CVCalendarViewPresentationMode.swift */,
				0136BDA91D01459700BFF1C5 /* CVCalendarWeekContentViewController.swift */,
				0136BDAA1D01459700BFF1C5 /* CVCalendarWeekday.swift */,
				0136BDAB1D01459700BFF1C5 /* CVCalendarWeekView.swift */,
				0136BDAC1D01459700BFF1C5 /* CVDate.swift */,
				0136BDAD1D01459700BFF1C5 /* CVRange.swift */,
				0136BDAE1D01459700BFF1C5 /* CVScrollDirection.swift */,
				0136BDAF1D01459700BFF1C5 /* CVSelectionType.swift */,
				0136BDB01D01459700BFF1C5 /* CVSet.swift */,
				0136BDB11D01459700BFF1C5 /* CVShape.swift */,
				0136BDB21D01459700BFF1C5 /* CVWeekdaySymbolType.swift */,
			);
			path = CVCalendar;
			sourceTree = "<group>";
		};
		0136BDD11D01A0D200BFF1C5 /* Schedual */ = {
			isa = PBXGroup;
			children = (
				0136BDD21D01A10B00BFF1C5 /* NKScheduleController.swift */,
				0136BDD41D01A13900BFF1C5 /* NKWaitingController.swift */,
				0136BDDA1D01A33A00BFF1C5 /* NKWaitingController.storyboard */,
				0136BDD61D01A14D00BFF1C5 /* NKOverdueController.swift */,
				0136BDD81D01A15D00BFF1C5 /* NKPassedController.swift */,
			);
			path = Schedual;
			sourceTree = "<group>";
		};
		0136BE091D01AAE900BFF1C5 /* WMPageController */ = {
			isa = PBXGroup;
			children = (
				0136BE0A1D01AAE900BFF1C5 /* WMMenuView */,
				0136BE151D01AAE900BFF1C5 /* WMPageConst.h */,
				0136BE161D01AAE900BFF1C5 /* WMPageController.h */,
				0136BE171D01AAE900BFF1C5 /* WMPageController.m */,
			);
			path = WMPageController;
			sourceTree = "<group>";
		};
		0136BE0A1D01AAE900BFF1C5 /* WMMenuView */ = {
			isa = PBXGroup;
			children = (
				0136BE0B1D01AAE900BFF1C5 /* WMFooldView.h */,
				0136BE0C1D01AAE900BFF1C5 /* WMFooldView.m */,
				0136BE0D1D01AAE900BFF1C5 /* WMMenuItem.h */,
				0136BE0E1D01AAE900BFF1C5 /* WMMenuItem.m */,
				0136BE0F1D01AAE900BFF1C5 /* WMMenuView.h */,
				0136BE101D01AAE900BFF1C5 /* WMMenuView.m */,
				0136BE111D01AAE900BFF1C5 /* WMProgressView.h */,
				0136BE121D01AAE900BFF1C5 /* WMProgressView.m */,
				0136BE131D01AAE900BFF1C5 /* WMScrollView.h */,
				0136BE141D01AAE900BFF1C5 /* WMScrollView.m */,
			);
			path = WMMenuView;
			sourceTree = "<group>";
		};
		018B922C1C5DCC6F00236E16 /* API */ = {
			isa = PBXGroup;
			children = (
				018B922F1C5DD14C00236E16 /* NKLibraryAPI.swift */,
				018B922D1C5DCCF500236E16 /* NKPlatformManager.swift */,
				01FC3A9E1C5F242600176931 /* NKAccountManager.swift */,
				01FC3AA41C5F63CC00176931 /* NKAlgorithm.swift */,
				01FC3AA71C60493300176931 /* NKConfigure.swift */,
				01F8020A1C64862100246912 /* NKNotificationManager.swift */,
			);
			path = API;
			sourceTree = "<group>";
		};
		01E1C1C21C5CBBBB00EF6B5A = {
			isa = PBXGroup;
			children = (
				018DF91A1C78471D00FA9F62 /* Charts.framework */,
				018B92381C5E245B00236E16 /* RealmSwift.framework */,
				018B92351C5E244C00236E16 /* Realm.framework */,
				01E1C2171C5CF73A00EF6B5A /* Chameleon.framework */,
				01E1C2151C5CF6B900EF6B5A /* Cartfile */,
				01E1C1CD1C5CBBBB00EF6B5A /* NKBill */,
				01E1C1CC1C5CBBBB00EF6B5A /* Products */,
			);
			sourceTree = "<group>";
		};
		01E1C1CC1C5CBBBB00EF6B5A /* Products */ = {
			isa = PBXGroup;
			children = (
				01E1C1CB1C5CBBBB00EF6B5A /* NKBill.app */,
			);
			name = Products;
			sourceTree = "<group>";
		};
		01E1C1CD1C5CBBBB00EF6B5A /* NKBill */ = {
			isa = PBXGroup;
			children = (
				0136BE051D01AAA800BFF1C5 /* NKBill-Bridging-Header.h */,
				01E1C1CE1C5CBBBB00EF6B5A /* AppDelegate.swift */,
				0136BE1E1D01ABF200BFF1C5 /* Constant.swift */,
				011525041C60D38A000D9539 /* Main.storyboard */,
				0136BD961D01459700BFF1C5 /* Third */,
				011744521C69E78200CD0A7D /* Extension */,
				018B922C1C5DCC6F00236E16 /* API */,
				01E1C1E21C5CBC4A00EF6B5A /* Controller */,
				01E1C1E11C5CBC4000EF6B5A /* Model */,
				01E1C1E01C5CBC3000EF6B5A /* View */,
				01E1C1D51C5CBBBB00EF6B5A /* Assets.xcassets */,
				01E1C1D71C5CBBBB00EF6B5A /* LaunchScreen.storyboard */,
				018DF9291C79EA0000FA9F62 /* letter.html */,
				01E1C1DA1C5CBBBB00EF6B5A /* Info.plist */,
			);
			path = NKBill;
			sourceTree = "<group>";
		};
		01E1C1E01C5CBC3000EF6B5A /* View */ = {
			isa = PBXGroup;
			children = (
				01A2791A1C63851C000FC9E1 /* CircularProgressView.swift */,
				011524F21C609A6F000D9539 /* NKAccountCell.swift */,
				460A142D1C6FAE290011C8E3 /* NKAccountCell.xib */,
				460A141E1C6F66560011C8E3 /* NKIndexSectionHeader.swift */,
				460A14201C6F66720011C8E3 /* NKIndexSectionHeader.xib */,
				011524FC1C60AECC000D9539 /* NKIndexCell.swift */,
				011524FD1C60AECC000D9539 /* NKIndexCell.xib */,
				0115250A1C61C3AD000D9539 /* NKScheduleCell.swift */,
				0115250B1C61C3AD000D9539 /* NKScheduleCell.xib */,
				011525101C61F2C9000D9539 /* NKDetailItemCell.swift */,
				011525161C62040A000D9539 /* NKDetailHeader.swift */,
				011525181C6205CB000D9539 /* NKDetailHeader.xib */,
				018DF9251C79CB0600FA9F62 /* NKIconLabel.swift */,
				018DF92B1C79F86600FA9F62 /* NKCircleCornerButton.swift */,
			);
			path = View;
			sourceTree = "<group>";
		};
		01E1C1E11C5CBC4000EF6B5A /* Model */ = {
			isa = PBXGroup;
			children = (
				0117442E1C68B01F00CD0A7D /* NKTextField.swift */,
				01E1C1F51C5CCA7200EF6B5A /* NKAccount.swift */,
				011524F61C60A6D7000D9539 /* NKAccount_Compose.swift */,
				011524F81C60A6FD000D9539 /* NKAccount_Record.swift */,
				01FC3AA01C5F496200176931 /* NKItem.swift */,
				011525141C6200F1000D9539 /* NKItem_Schedule.swift */,
				011525121C61FCF2000D9539 /* NKItem_Detail.swift */,
				01E1C1F71C5CCE0300EF6B5A /* NKPlatform.swift */,
				011525001C60B0A0000D9539 /* NKPlatform_Index.swift */,
			);
			path = Model;
			sourceTree = "<group>";
		};
		01E1C1E21C5CBC4A00EF6B5A /* Controller */ = {
			isa = PBXGroup;
			children = (
				0136BDD11D01A0D200BFF1C5 /* Schedual */,
				01E1C1E31C5CBC8600EF6B5A /* NKBaseViewController.swift */,
				01E1C1E51C5CBCAA00EF6B5A /* NKNavigationController.swift */,
				01E1C1E71C5CBCCD00EF6B5A /* NKTabBarController.swift */,
				01E1C1EB1C5CBE8300EF6B5A /* NKIndexController.swift */,
				01E1C1EF1C5CBF0F00EF6B5A /* NKComposeController.swift */,
				01E1C2091C5CDFC400EF6B5A /* NKPlatformController.swift */,
				01E1C1F11C5CBF4800EF6B5A /* NKRecordController.swift */,
				0115250E1C61F119000D9539 /* NKDetailController.swift */,
				01E1C1F31C5CBF5E00EF6B5A /* NKMoreController.swift */,
				01A2791C1C639BD6000FC9E1 /* NKChooseNoticeTimeController.swift */,
				460A142B1C6F907A0011C8E3 /* NKPieChartController.swift */,
				018DF91D1C78479A00FA9F62 /* NKBarChartController.swift */,
				018DF9231C79BA5800FA9F62 /* NKAnalyzeController.swift */,
				018DF9271C79E04500FA9F62 /* NKLetterController.swift */,
			);
			path = Controller;
			sourceTree = "<group>";
		};
/* End PBXGroup section */

/* Begin PBXNativeTarget section */
		01E1C1CA1C5CBBBB00EF6B5A /* NKBill */ = {
			isa = PBXNativeTarget;
			buildConfigurationList = 01E1C1DD1C5CBBBB00EF6B5A /* Build configuration list for PBXNativeTarget "NKBill" */;
			buildPhases = (
				01E1C1C71C5CBBBB00EF6B5A /* Sources */,
				01E1C1C81C5CBBBB00EF6B5A /* Frameworks */,
				01E1C1C91C5CBBBB00EF6B5A /* Resources */,
				01E1C21A1C5CF73B00EF6B5A /* Embed Frameworks */,
				46AB35911C72CFE300E2B893 /* ShellScript */,
			);
			buildRules = (
			);
			dependencies = (
			);
			name = NKBill;
			productName = NKBill;
			productReference = 01E1C1CB1C5CBBBB00EF6B5A /* NKBill.app */;
			productType = "com.apple.product-type.application";
		};
/* End PBXNativeTarget section */

/* Begin PBXProject section */
		01E1C1C31C5CBBBB00EF6B5A /* Project object */ = {
			isa = PBXProject;
			attributes = {
				CLASSPREFIX = NK;
				LastSwiftUpdateCheck = 0730;
				LastUpgradeCheck = 0720;
				ORGANIZATIONNAME = NickChen;
				TargetAttributes = {
					01E1C1CA1C5CBBBB00EF6B5A = {
						CreatedOnToolsVersion = 7.2;
						DevelopmentTeam = GQV9S2HE5T;
					};
				};
			};
			buildConfigurationList = 01E1C1C61C5CBBBB00EF6B5A /* Build configuration list for PBXProject "NKBill" */;
			compatibilityVersion = "Xcode 3.2";
			developmentRegion = English;
			hasScannedForEncodings = 0;
			knownRegions = (
				en,
				Base,
			);
			mainGroup = 01E1C1C21C5CBBBB00EF6B5A;
			productRefGroup = 01E1C1CC1C5CBBBB00EF6B5A /* Products */;
			projectDirPath = "";
			projectRoot = "";
			targets = (
				01E1C1CA1C5CBBBB00EF6B5A /* NKBill */,
			);
		};
/* End PBXProject section */

/* Begin PBXResourcesBuildPhase section */
		01E1C1C91C5CBBBB00EF6B5A /* Resources */ = {
			isa = PBXResourcesBuildPhase;
			buildActionMask = 2147483647;
			files = (
				460A14211C6F66720011C8E3 /* NKIndexSectionHeader.xib in Resources */,
				011524FF1C60AECC000D9539 /* NKIndexCell.xib in Resources */,
				0115250D1C61C3AD000D9539 /* NKScheduleCell.xib in Resources */,
				01E1C2161C5CF6B900EF6B5A /* Cartfile in Resources */,
				01E1C1D91C5CBBBB00EF6B5A /* LaunchScreen.storyboard in Resources */,
				011525191C6205CB000D9539 /* NKDetailHeader.xib in Resources */,
				460A142E1C6FAE290011C8E3 /* NKAccountCell.xib in Resources */,
				011525051C60D38A000D9539 /* Main.storyboard in Resources */,
				018DF92A1C79EA0000FA9F62 /* letter.html in Resources */,
				01E1C1D61C5CBBBB00EF6B5A /* Assets.xcassets in Resources */,
				0136BDDB1D01A33A00BFF1C5 /* NKWaitingController.storyboard in Resources */,
			);
			runOnlyForDeploymentPostprocessing = 0;
		};
/* End PBXResourcesBuildPhase section */

/* Begin PBXShellScriptBuildPhase section */
		46AB35911C72CFE300E2B893 /* ShellScript */ = {
			isa = PBXShellScriptBuildPhase;
			buildActionMask = 2147483647;
			files = (
			);
			inputPaths = (
			);
			outputPaths = (
			);
			runOnlyForDeploymentPostprocessing = 0;
			shellPath = /bin/sh;
			shellScript = "APP_PATH=\"${TARGET_BUILD_DIR}/${WRAPPER_NAME}\"\n\n# This script loops through the frameworks embedded in the application and\n# removes unused architectures.\nfind \"$APP_PATH\" -name '*.framework' -type d | while read -r FRAMEWORK\ndo\nFRAMEWORK_EXECUTABLE_NAME=$(defaults read \"$FRAMEWORK/Info.plist\" CFBundleExecutable)\nFRAMEWORK_EXECUTABLE_PATH=\"$FRAMEWORK/$FRAMEWORK_EXECUTABLE_NAME\"\necho \"Executable is $FRAMEWORK_EXECUTABLE_PATH\"\n\nEXTRACTED_ARCHS=()\n\nfor ARCH in $ARCHS\ndo\necho \"Extracting $ARCH from $FRAMEWORK_EXECUTABLE_NAME\"\nlipo -extract \"$ARCH\" \"$FRAMEWORK_EXECUTABLE_PATH\" -o \"$FRAMEWORK_EXECUTABLE_PATH-$ARCH\"\nEXTRACTED_ARCHS+=(\"$FRAMEWORK_EXECUTABLE_PATH-$ARCH\")\ndone\n\necho \"Merging extracted architectures: ${ARCHS}\"\nlipo -o \"$FRAMEWORK_EXECUTABLE_PATH-merged\" -create \"${EXTRACTED_ARCHS[@]}\"\nrm \"${EXTRACTED_ARCHS[@]}\"\n\necho \"Replacing original executable with thinned version\"\nrm \"$FRAMEWORK_EXECUTABLE_PATH\"\nmv \"$FRAMEWORK_EXECUTABLE_PATH-merged\" \"$FRAMEWORK_EXECUTABLE_PATH\"\n\ndone";
		};
/* End PBXShellScriptBuildPhase section */

/* Begin PBXSourcesBuildPhase section */
		01E1C1C71C5CBBBB00EF6B5A /* Sources */ = {
			isa = PBXSourcesBuildPhase;
			buildActionMask = 2147483647;
			files = (
				0136BDD51D01A13900BFF1C5 /* NKWaitingController.swift in Sources */,
				011744561C69E78200CD0A7D /* Easing.swift in Sources */,
				0136BDCC1D01459700BFF1C5 /* CVSet.swift in Sources */,
				011525171C62040A000D9539 /* NKDetailHeader.swift in Sources */,
				460A142C1C6F907A0011C8E3 /* NKPieChartController.swift in Sources */,
				011525131C61FCF2000D9539 /* NKItem_Detail.swift in Sources */,
				01E1C1F61C5CCA7200EF6B5A /* NKAccount.swift in Sources */,
				0136BE1A1D01AAE900BFF1C5 /* WMMenuView.m in Sources */,
				0136BDB71D01459700BFF1C5 /* CVCalendarDayViewControlCoordinator.swift in Sources */,
				0136BDCE1D01459700BFF1C5 /* CVWeekdaySymbolType.swift in Sources */,
				011524F71C60A6D7000D9539 /* NKAccount_Compose.swift in Sources */,
				01E1C1EC1C5CBE8300EF6B5A /* NKIndexController.swift in Sources */,
				0136BE191D01AAE900BFF1C5 /* WMMenuItem.m in Sources */,
				0136BDD71D01A14D00BFF1C5 /* NKOverdueController.swift in Sources */,
				01FC3A9F1C5F242600176931 /* NKAccountManager.swift in Sources */,
				0136BDCB1D01459700BFF1C5 /* CVSelectionType.swift in Sources */,
				0115250C1C61C3AD000D9539 /* NKScheduleCell.swift in Sources */,
				0117442F1C68B01F00CD0A7D /* NKTextField.swift in Sources */,
				0136BDD31D01A10B00BFF1C5 /* NKScheduleController.swift in Sources */,
				0136BDC21D01459700BFF1C5 /* CVCalendarViewAppearanceDelegate.swift in Sources */,
				011524F41C609A6F000D9539 /* NKAccountCell.swift in Sources */,
				0136BDC71D01459700BFF1C5 /* CVCalendarWeekView.swift in Sources */,
				01E1C1E41C5CBC8600EF6B5A /* NKBaseViewController.swift in Sources */,
				018DF9261C79CB0600FA9F62 /* NKIconLabel.swift in Sources */,
				01E1C1F41C5CBF5E00EF6B5A /* NKMoreController.swift in Sources */,
				0136BDC31D01459700BFF1C5 /* CVCalendarViewDelegate.swift in Sources */,
				01E1C1E81C5CBCCD00EF6B5A /* NKTabBarController.swift in Sources */,
				0136BDBD1D01459700BFF1C5 /* CVCalendarTouchController.swift in Sources */,
				01FC3AA51C5F63CC00176931 /* NKAlgorithm.swift in Sources */,
				0136BDB41D01459700BFF1C5 /* CVAuxiliaryView.swift in Sources */,
				018DF9281C79E04500FA9F62 /* NKLetterController.swift in Sources */,
				0136BDBC1D01459700BFF1C5 /* CVCalendarMonthView.swift in Sources */,
				0136BDC01D01459700BFF1C5 /* CVCalendarViewAnimatorDelegate.swift in Sources */,
				01A2791D1C639BD6000FC9E1 /* NKChooseNoticeTimeController.swift in Sources */,
				0136BDB51D01459700BFF1C5 /* CVCalendarContentViewController.swift in Sources */,
				0115250F1C61F119000D9539 /* NKDetailController.swift in Sources */,
				0136BDCD1D01459700BFF1C5 /* CVShape.swift in Sources */,
				460A141F1C6F66560011C8E3 /* NKIndexSectionHeader.swift in Sources */,
				011744581C69E78200CD0A7D /* UILabel+Animate.swift in Sources */,
				018B92301C5DD14C00236E16 /* NKLibraryAPI.swift in Sources */,
				0136BE1B1D01AAE900BFF1C5 /* WMProgressView.m in Sources */,
				0136BDBA1D01459700BFF1C5 /* CVCalendarMenuViewDelegate.swift in Sources */,
				011525011C60B0A0000D9539 /* NKPlatform_Index.swift in Sources */,
				0136BE1D1D01AAE900BFF1C5 /* WMPageController.m in Sources */,
				0136BDCA1D01459700BFF1C5 /* CVScrollDirection.swift in Sources */,
				018B922E1C5DCCF500236E16 /* NKPlatformManager.swift in Sources */,
				0136BDB61D01459700BFF1C5 /* CVCalendarDayView.swift in Sources */,
				01E1C1F01C5CBF0F00EF6B5A /* NKComposeController.swift in Sources */,
				0136BDBE1D01459700BFF1C5 /* CVCalendarView.swift in Sources */,
				011525151C6200F1000D9539 /* NKItem_Schedule.swift in Sources */,
				0136BDC81D01459700BFF1C5 /* CVDate.swift in Sources */,
				01FC3AA81C60493300176931 /* NKConfigure.swift in Sources */,
				01E1C1F81C5CCE0300EF6B5A /* NKPlatform.swift in Sources */,
				018DF92C1C79F86600FA9F62 /* NKCircleCornerButton.swift in Sources */,
				0136BDB91D01459700BFF1C5 /* CVCalendarMenuView.swift in Sources */,
				011744571C69E78200CD0A7D /* NSDateExtension.swift in Sources */,
				0136BDBF1D01459700BFF1C5 /* CVCalendarViewAnimator.swift in Sources */,
				01F8020B1C64862100246912 /* NKNotificationManager.swift in Sources */,
				0136BDB81D01459700BFF1C5 /* CVCalendarManager.swift in Sources */,
				011525111C61F2C9000D9539 /* NKDetailItemCell.swift in Sources */,
				0136BDBB1D01459700BFF1C5 /* CVCalendarMonthContentViewController.swift in Sources */,
				018DF91E1C78479A00FA9F62 /* NKBarChartController.swift in Sources */,
				0136BDC51D01459700BFF1C5 /* CVCalendarWeekContentViewController.swift in Sources */,
				01E1C1F21C5CBF4800EF6B5A /* NKRecordController.swift in Sources */,
				011524F91C60A6FD000D9539 /* NKAccount_Record.swift in Sources */,
				0136BDC41D01459700BFF1C5 /* CVCalendarViewPresentationMode.swift in Sources */,
				0136BDC11D01459700BFF1C5 /* CVCalendarViewAppearance.swift in Sources */,
				0136BE1F1D01ABF200BFF1C5 /* Constant.swift in Sources */,
				018DF9241C79BA5800FA9F62 /* NKAnalyzeController.swift in Sources */,
				01E1C20A1C5CDFC400EF6B5A /* NKPlatformController.swift in Sources */,
				01A2791B1C63851C000FC9E1 /* CircularProgressView.swift in Sources */,
				01E1C1E61C5CBCAA00EF6B5A /* NKNavigationController.swift in Sources */,
				0136BDD91D01A15D00BFF1C5 /* NKPassedController.swift in Sources */,
				0136BDC91D01459700BFF1C5 /* CVRange.swift in Sources */,
				0136BDC61D01459700BFF1C5 /* CVCalendarWeekday.swift in Sources */,
				0136BE1C1D01AAE900BFF1C5 /* WMScrollView.m in Sources */,
				01FC3AA11C5F496200176931 /* NKItem.swift in Sources */,
				0136BE181D01AAE900BFF1C5 /* WMFooldView.m in Sources */,
				011524FE1C60AECC000D9539 /* NKIndexCell.swift in Sources */,
				01E1C1CF1C5CBBBB00EF6B5A /* AppDelegate.swift in Sources */,
			);
			runOnlyForDeploymentPostprocessing = 0;
		};
/* End PBXSourcesBuildPhase section */

/* Begin PBXVariantGroup section */
		01E1C1D71C5CBBBB00EF6B5A /* LaunchScreen.storyboard */ = {
			isa = PBXVariantGroup;
			children = (
				01E1C1D81C5CBBBB00EF6B5A /* Base */,
			);
			name = LaunchScreen.storyboard;
			sourceTree = "<group>";
		};
/* End PBXVariantGroup section */

/* Begin XCBuildConfiguration section */
		01E1C1DB1C5CBBBB00EF6B5A /* Debug */ = {
			isa = XCBuildConfiguration;
			buildSettings = {
				ALWAYS_SEARCH_USER_PATHS = NO;
				CLANG_CXX_LANGUAGE_STANDARD = "gnu++0x";
				CLANG_CXX_LIBRARY = "libc++";
				CLANG_ENABLE_MODULES = YES;
				CLANG_ENABLE_OBJC_ARC = YES;
				CLANG_WARN_BOOL_CONVERSION = YES;
				CLANG_WARN_CONSTANT_CONVERSION = YES;
				CLANG_WARN_DIRECT_OBJC_ISA_USAGE = YES_ERROR;
				CLANG_WARN_EMPTY_BODY = YES;
				CLANG_WARN_ENUM_CONVERSION = YES;
				CLANG_WARN_INT_CONVERSION = YES;
				CLANG_WARN_OBJC_ROOT_CLASS = YES_ERROR;
				CLANG_WARN_UNREACHABLE_CODE = YES;
				CLANG_WARN__DUPLICATE_METHOD_MATCH = YES;
				CODE_SIGN_IDENTITY = "iPhone Distribution: yuqiao chen (GQV9S2HE5T)";
				"CODE_SIGN_IDENTITY[sdk=iphoneos*]" = "iPhone Distribution: yuqiao chen (GQV9S2HE5T)";
				COPY_PHASE_STRIP = NO;
				DEBUG_INFORMATION_FORMAT = dwarf;
				ENABLE_STRICT_OBJC_MSGSEND = YES;
				ENABLE_TESTABILITY = YES;
				GCC_C_LANGUAGE_STANDARD = gnu99;
				GCC_DYNAMIC_NO_PIC = NO;
				GCC_NO_COMMON_BLOCKS = YES;
				GCC_OPTIMIZATION_LEVEL = 0;
				GCC_PREPROCESSOR_DEFINITIONS = (
					"DEBUG=1",
					"$(inherited)",
				);
				GCC_WARN_64_TO_32_BIT_CONVERSION = YES;
				GCC_WARN_ABOUT_RETURN_TYPE = YES_ERROR;
				GCC_WARN_UNDECLARED_SELECTOR = YES;
				GCC_WARN_UNINITIALIZED_AUTOS = YES_AGGRESSIVE;
				GCC_WARN_UNUSED_FUNCTION = YES;
				GCC_WARN_UNUSED_VARIABLE = YES;
				IPHONEOS_DEPLOYMENT_TARGET = 9.2;
				MACH_O_TYPE = mh_dylib;
				MTL_ENABLE_DEBUG_INFO = YES;
				ONLY_ACTIVE_ARCH = YES;
				PROVISIONING_PROFILE = "b33c5950-cffa-4b2f-90f0-c7411fdd9207";
				SDKROOT = iphoneos;
				SWIFT_OPTIMIZATION_LEVEL = "-Onone";
			};
			name = Debug;
		};
		01E1C1DC1C5CBBBB00EF6B5A /* Release */ = {
			isa = XCBuildConfiguration;
			buildSettings = {
				ALWAYS_SEARCH_USER_PATHS = NO;
				CLANG_CXX_LANGUAGE_STANDARD = "gnu++0x";
				CLANG_CXX_LIBRARY = "libc++";
				CLANG_ENABLE_MODULES = YES;
				CLANG_ENABLE_OBJC_ARC = YES;
				CLANG_WARN_BOOL_CONVERSION = YES;
				CLANG_WARN_CONSTANT_CONVERSION = YES;
				CLANG_WARN_DIRECT_OBJC_ISA_USAGE = YES_ERROR;
				CLANG_WARN_EMPTY_BODY = YES;
				CLANG_WARN_ENUM_CONVERSION = YES;
				CLANG_WARN_INT_CONVERSION = YES;
				CLANG_WARN_OBJC_ROOT_CLASS = YES_ERROR;
				CLANG_WARN_UNREACHABLE_CODE = YES;
				CLANG_WARN__DUPLICATE_METHOD_MATCH = YES;
				CODE_SIGN_IDENTITY = "iPhone Distribution: yuqiao chen (GQV9S2HE5T)";
				"CODE_SIGN_IDENTITY[sdk=iphoneos*]" = "iPhone Distribution: yuqiao chen (GQV9S2HE5T)";
				COPY_PHASE_STRIP = NO;
				DEBUG_INFORMATION_FORMAT = "dwarf-with-dsym";
				ENABLE_NS_ASSERTIONS = NO;
				ENABLE_STRICT_OBJC_MSGSEND = YES;
				GCC_C_LANGUAGE_STANDARD = gnu99;
				GCC_NO_COMMON_BLOCKS = YES;
				GCC_WARN_64_TO_32_BIT_CONVERSION = YES;
				GCC_WARN_ABOUT_RETURN_TYPE = YES_ERROR;
				GCC_WARN_UNDECLARED_SELECTOR = YES;
				GCC_WARN_UNINITIALIZED_AUTOS = YES_AGGRESSIVE;
				GCC_WARN_UNUSED_FUNCTION = YES;
				GCC_WARN_UNUSED_VARIABLE = YES;
				IPHONEOS_DEPLOYMENT_TARGET = 9.2;
				MACH_O_TYPE = mh_dylib;
				MTL_ENABLE_DEBUG_INFO = NO;
				PROVISIONING_PROFILE = "b33c5950-cffa-4b2f-90f0-c7411fdd9207";
				SDKROOT = iphoneos;
				VALIDATE_PRODUCT = YES;
			};
			name = Release;
		};
		01E1C1DE1C5CBBBB00EF6B5A /* Debug */ = {
			isa = XCBuildConfiguration;
			buildSettings = {
				ASSETCATALOG_COMPILER_APPICON_NAME = AppIcon;
				CLANG_ENABLE_MODULES = YES;
				CODE_SIGN_IDENTITY = "iPhone Developer";
				"CODE_SIGN_IDENTITY[sdk=iphoneos*]" = "iPhone Developer";
				DEAD_CODE_STRIPPING = NO;
				FRAMEWORK_SEARCH_PATHS = (
					"$(inherited)",
					"$(PROJECT_DIR)/Carthage/Build/iOS",
				);
				INFOPLIST_FILE = NKBill/Info.plist;
				IPHONEOS_DEPLOYMENT_TARGET = 8.0;
				LD_RUNPATH_SEARCH_PATHS = "$(inherited) @executable_path/Frameworks";
				MACH_O_TYPE = mh_execute;
				PRODUCT_BUNDLE_IDENTIFIER = com.nickchen.NKBill;
				PRODUCT_NAME = "$(TARGET_NAME)";
				PROVISIONING_PROFILE = "";
				STRIP_STYLE = "non-global";
				SWIFT_OBJC_BRIDGING_HEADER = "NKBill/NKBill-Bridging-Header.h";
				SWIFT_OPTIMIZATION_LEVEL = "-Onone";
			};
			name = Debug;
		};
		01E1C1DF1C5CBBBB00EF6B5A /* Release */ = {
			isa = XCBuildConfiguration;
			buildSettings = {
				ASSETCATALOG_COMPILER_APPICON_NAME = AppIcon;
				CLANG_ENABLE_MODULES = YES;
				CODE_SIGN_IDENTITY = "iPhone Developer";
				"CODE_SIGN_IDENTITY[sdk=iphoneos*]" = "iPhone Developer";
				DEAD_CODE_STRIPPING = NO;
				FRAMEWORK_SEARCH_PATHS = (
					"$(inherited)",
					"$(PROJECT_DIR)/Carthage/Build/iOS",
				);
				INFOPLIST_FILE = NKBill/Info.plist;
				IPHONEOS_DEPLOYMENT_TARGET = 8.0;
				LD_RUNPATH_SEARCH_PATHS = "$(inherited) @executable_path/Frameworks";
				MACH_O_TYPE = mh_execute;
				PRODUCT_BUNDLE_IDENTIFIER = com.nickchen.NKBill;
				PRODUCT_NAME = "$(TARGET_NAME)";
				PROVISIONING_PROFILE = "";
				STRIP_STYLE = "non-global";
				SWIFT_OBJC_BRIDGING_HEADER = "NKBill/NKBill-Bridging-Header.h";
			};
			name = Release;
		};
/* End XCBuildConfiguration section */

/* Begin XCConfigurationList section */
		01E1C1C61C5CBBBB00EF6B5A /* Build configuration list for PBXProject "NKBill" */ = {
			isa = XCConfigurationList;
			buildConfigurations = (
				01E1C1DB1C5CBBBB00EF6B5A /* Debug */,
				01E1C1DC1C5CBBBB00EF6B5A /* Release */,
			);
			defaultConfigurationIsVisible = 0;
			defaultConfigurationName = Release;
		};
		01E1C1DD1C5CBBBB00EF6B5A /* Build configuration list for PBXNativeTarget "NKBill" */ = {
			isa = XCConfigurationList;
			buildConfigurations = (
				01E1C1DE1C5CBBBB00EF6B5A /* Debug */,
				01E1C1DF1C5CBBBB00EF6B5A /* Release */,
			);
			defaultConfigurationIsVisible = 0;
			defaultConfigurationName = Release;
		};
/* End XCConfigurationList section */
	};
	rootObject = 01E1C1C31C5CBBBB00EF6B5A /* Project object */;
}
