// !$*UTF8*$!
{
	archiveVersion = 1;
	classes = {
	};
	objectVersion = 46;
	objects = {

/* Begin PBXBuildFile section */
		011524F41C609A6F000D9539 /* NKAccountCell.swift in Sources */ = {isa = PBXBuildFile; fileRef = 011524F21C609A6F000D9539 /* NKAccountCell.swift */; };
		011524F71C60A6D7000D9539 /* NKAccount_Compose.swift in Sources */ = {isa = PBXBuildFile; fileRef = 011524F61C60A6D7000D9539 /* NKAccount_Compose.swift */; };
		011524F91C60A6FD000D9539 /* NKAccount_Record.swift in Sources */ = {isa = PBXBuildFile; fileRef = 011524F81C60A6FD000D9539 /* NKAccount_Record.swift */; };
		011524FE1C60AECC000D9539 /* NKIndexCell.swift in Sources */ = {isa = PBXBuildFile; fileRef = 011524FC1C60AECC000D9539 /* NKIndexCell.swift */; };
		011524FF1C60AECC000D9539 /* NKIndexCell.xib in Resources */ = {isa = PBXBuildFile; fileRef = 011524FD1C60AECC000D9539 /* NKIndexCell.xib */; };
		011525011C60B0A0000D9539 /* NKPlatform_Index.swift in Sources */ = {isa = PBXBuildFile; fileRef = 011525001C60B0A0000D9539 /* NKPlatform_Index.swift */; };
		011525051C60D38A000D9539 /* Main.storyboard in Resources */ = {isa = PBXBuildFile; fileRef = 011525041C60D38A000D9539 /* Main.storyboard */; };
		0115250C1C61C3AD000D9539 /* NKScheduleCell.swift in Sources */ = {isa = PBXBuildFile; fileRef = 0115250A1C61C3AD000D9539 /* NKScheduleCell.swift */; };
		0115250D1C61C3AD000D9539 /* NKScheduleCell.xib in Resources */ = {isa = PBXBuildFile; fileRef = 0115250B1C61C3AD000D9539 /* NKScheduleCell.xib */; };
		0115250F1C61F119000D9539 /* NKDetailController.swift in Sources */ = {isa = PBXBuildFile; fileRef = 0115250E1C61F119000D9539 /* NKDetailController.swift */; };
		011525111C61F2C9000D9539 /* NKDetailItemCell.swift in Sources */ = {isa = PBXBuildFile; fileRef = 011525101C61F2C9000D9539 /* NKDetailItemCell.swift */; };
		011525131C61FCF2000D9539 /* NKItem_Detail.swift in Sources */ = {isa = PBXBuildFile; fileRef = 011525121C61FCF2000D9539 /* NKItem_Detail.swift */; };
		011525151C6200F1000D9539 /* NKItem_Schedule.swift in Sources */ = {isa = PBXBuildFile; fileRef = 011525141C6200F1000D9539 /* NKItem_Schedule.swift */; };
		011525171C62040A000D9539 /* NKScheduleHeader.swift in Sources */ = {isa = PBXBuildFile; fileRef = 011525161C62040A000D9539 /* NKScheduleHeader.swift */; };
		011525191C6205CB000D9539 /* NKScheduleHeader.xib in Resources */ = {isa = PBXBuildFile; fileRef = 011525181C6205CB000D9539 /* NKScheduleHeader.xib */; };
		018B922E1C5DCCF500236E16 /* NKPlatformManager.swift in Sources */ = {isa = PBXBuildFile; fileRef = 018B922D1C5DCCF500236E16 /* NKPlatformManager.swift */; };
		018B92301C5DD14C00236E16 /* NKLibraryAPI.swift in Sources */ = {isa = PBXBuildFile; fileRef = 018B922F1C5DD14C00236E16 /* NKLibraryAPI.swift */; };
		018B92361C5E244C00236E16 /* Realm.framework in Frameworks */ = {isa = PBXBuildFile; fileRef = 018B92351C5E244C00236E16 /* Realm.framework */; };
		018B92371C5E244C00236E16 /* Realm.framework in Embed Frameworks */ = {isa = PBXBuildFile; fileRef = 018B92351C5E244C00236E16 /* Realm.framework */; settings = {ATTRIBUTES = (CodeSignOnCopy, RemoveHeadersOnCopy, ); }; };
		018B92391C5E245B00236E16 /* RealmSwift.framework in Frameworks */ = {isa = PBXBuildFile; fileRef = 018B92381C5E245B00236E16 /* RealmSwift.framework */; };
		018B923A1C5E245B00236E16 /* RealmSwift.framework in Embed Frameworks */ = {isa = PBXBuildFile; fileRef = 018B92381C5E245B00236E16 /* RealmSwift.framework */; settings = {ATTRIBUTES = (CodeSignOnCopy, RemoveHeadersOnCopy, ); }; };
		01E1C1CF1C5CBBBB00EF6B5A /* AppDelegate.swift in Sources */ = {isa = PBXBuildFile; fileRef = 01E1C1CE1C5CBBBB00EF6B5A /* AppDelegate.swift */; };
		01E1C1D61C5CBBBB00EF6B5A /* Assets.xcassets in Resources */ = {isa = PBXBuildFile; fileRef = 01E1C1D51C5CBBBB00EF6B5A /* Assets.xcassets */; };
		01E1C1D91C5CBBBB00EF6B5A /* LaunchScreen.storyboard in Resources */ = {isa = PBXBuildFile; fileRef = 01E1C1D71C5CBBBB00EF6B5A /* LaunchScreen.storyboard */; };
		01E1C1E41C5CBC8600EF6B5A /* NKBaseViewController.swift in Sources */ = {isa = PBXBuildFile; fileRef = 01E1C1E31C5CBC8600EF6B5A /* NKBaseViewController.swift */; };
		01E1C1E61C5CBCAA00EF6B5A /* NKNavigationController.swift in Sources */ = {isa = PBXBuildFile; fileRef = 01E1C1E51C5CBCAA00EF6B5A /* NKNavigationController.swift */; };
		01E1C1E81C5CBCCD00EF6B5A /* NKTabBarController.swift in Sources */ = {isa = PBXBuildFile; fileRef = 01E1C1E71C5CBCCD00EF6B5A /* NKTabBarController.swift */; };
		01E1C1EC1C5CBE8300EF6B5A /* NKIndexController.swift in Sources */ = {isa = PBXBuildFile; fileRef = 01E1C1EB1C5CBE8300EF6B5A /* NKIndexController.swift */; };
		01E1C1EE1C5CBEE500EF6B5A /* NKScheduleController.swift in Sources */ = {isa = PBXBuildFile; fileRef = 01E1C1ED1C5CBEE500EF6B5A /* NKScheduleController.swift */; };
		01E1C1F01C5CBF0F00EF6B5A /* NKComposeController.swift in Sources */ = {isa = PBXBuildFile; fileRef = 01E1C1EF1C5CBF0F00EF6B5A /* NKComposeController.swift */; };
		01E1C1F21C5CBF4800EF6B5A /* NKRecordController.swift in Sources */ = {isa = PBXBuildFile; fileRef = 01E1C1F11C5CBF4800EF6B5A /* NKRecordController.swift */; };
		01E1C1F41C5CBF5E00EF6B5A /* NKMoreController.swift in Sources */ = {isa = PBXBuildFile; fileRef = 01E1C1F31C5CBF5E00EF6B5A /* NKMoreController.swift */; };
		01E1C1F61C5CCA7200EF6B5A /* NKAccount.swift in Sources */ = {isa = PBXBuildFile; fileRef = 01E1C1F51C5CCA7200EF6B5A /* NKAccount.swift */; };
		01E1C1F81C5CCE0300EF6B5A /* NKPlatform.swift in Sources */ = {isa = PBXBuildFile; fileRef = 01E1C1F71C5CCE0300EF6B5A /* NKPlatform.swift */; };
		01E1C20A1C5CDFC400EF6B5A /* NKPlatformController.swift in Sources */ = {isa = PBXBuildFile; fileRef = 01E1C2091C5CDFC400EF6B5A /* NKPlatformController.swift */; };
		01E1C2101C5CE1CE00EF6B5A /* p2pbank.plist in Resources */ = {isa = PBXBuildFile; fileRef = 01E1C20F1C5CE1CE00EF6B5A /* p2pbank.plist */; };
		01E1C2161C5CF6B900EF6B5A /* Cartfile in Resources */ = {isa = PBXBuildFile; fileRef = 01E1C2151C5CF6B900EF6B5A /* Cartfile */; };
		01E1C2181C5CF73A00EF6B5A /* Chameleon.framework in Frameworks */ = {isa = PBXBuildFile; fileRef = 01E1C2171C5CF73A00EF6B5A /* Chameleon.framework */; };
		01E1C2191C5CF73A00EF6B5A /* Chameleon.framework in Embed Frameworks */ = {isa = PBXBuildFile; fileRef = 01E1C2171C5CF73A00EF6B5A /* Chameleon.framework */; settings = {ATTRIBUTES = (CodeSignOnCopy, RemoveHeadersOnCopy, ); }; };
		01FC3A9F1C5F242600176931 /* NKAccountManager.swift in Sources */ = {isa = PBXBuildFile; fileRef = 01FC3A9E1C5F242600176931 /* NKAccountManager.swift */; };
		01FC3AA11C5F496200176931 /* NKItem.swift in Sources */ = {isa = PBXBuildFile; fileRef = 01FC3AA01C5F496200176931 /* NKItem.swift */; };
		01FC3AA31C5F5E8300176931 /* NSDateExtension.swift in Sources */ = {isa = PBXBuildFile; fileRef = 01FC3AA21C5F5E8300176931 /* NSDateExtension.swift */; };
		01FC3AA51C5F63CC00176931 /* NKAlgorithm.swift in Sources */ = {isa = PBXBuildFile; fileRef = 01FC3AA41C5F63CC00176931 /* NKAlgorithm.swift */; };
		01FC3AA81C60493300176931 /* NKConfigure.swift in Sources */ = {isa = PBXBuildFile; fileRef = 01FC3AA71C60493300176931 /* NKConfigure.swift */; };
		46112BF01C626F52009E9AF1 /* NKScheduleDataSource.swift in Sources */ = {isa = PBXBuildFile; fileRef = 46112BEF1C626F52009E9AF1 /* NKScheduleDataSource.swift */; };
/* End PBXBuildFile section */

/* Begin PBXCopyFilesBuildPhase section */
		01E1C21A1C5CF73B00EF6B5A /* Embed Frameworks */ = {
			isa = PBXCopyFilesBuildPhase;
			buildActionMask = 2147483647;
			dstPath = "";
			dstSubfolderSpec = 10;
			files = (
				018B92371C5E244C00236E16 /* Realm.framework in Embed Frameworks */,
				018B923A1C5E245B00236E16 /* RealmSwift.framework in Embed Frameworks */,
				01E1C2191C5CF73A00EF6B5A /* Chameleon.framework in Embed Frameworks */,
			);
			name = "Embed Frameworks";
			runOnlyForDeploymentPostprocessing = 0;
		};
/* End PBXCopyFilesBuildPhase section */

/* Begin PBXFileReference section */
		011524F21C609A6F000D9539 /* NKAccountCell.swift */ = {isa = PBXFileReference; fileEncoding = 4; lastKnownFileType = sourcecode.swift; path = NKAccountCell.swift; sourceTree = "<group>"; };
		011524F61C60A6D7000D9539 /* NKAccount_Compose.swift */ = {isa = PBXFileReference; fileEncoding = 4; lastKnownFileType = sourcecode.swift; path = NKAccount_Compose.swift; sourceTree = "<group>"; };
		011524F81C60A6FD000D9539 /* NKAccount_Record.swift */ = {isa = PBXFileReference; fileEncoding = 4; lastKnownFileType = sourcecode.swift; path = NKAccount_Record.swift; sourceTree = "<group>"; };
		011524FC1C60AECC000D9539 /* NKIndexCell.swift */ = {isa = PBXFileReference; fileEncoding = 4; lastKnownFileType = sourcecode.swift; path = NKIndexCell.swift; sourceTree = "<group>"; };
		011524FD1C60AECC000D9539 /* NKIndexCell.xib */ = {isa = PBXFileReference; fileEncoding = 4; lastKnownFileType = file.xib; path = NKIndexCell.xib; sourceTree = "<group>"; };
		011525001C60B0A0000D9539 /* NKPlatform_Index.swift */ = {isa = PBXFileReference; fileEncoding = 4; lastKnownFileType = sourcecode.swift; path = NKPlatform_Index.swift; sourceTree = "<group>"; };
		011525041C60D38A000D9539 /* Main.storyboard */ = {isa = PBXFileReference; fileEncoding = 4; lastKnownFileType = file.storyboard; path = Main.storyboard; sourceTree = "<group>"; };
		0115250A1C61C3AD000D9539 /* NKScheduleCell.swift */ = {isa = PBXFileReference; fileEncoding = 4; lastKnownFileType = sourcecode.swift; path = NKScheduleCell.swift; sourceTree = "<group>"; };
		0115250B1C61C3AD000D9539 /* NKScheduleCell.xib */ = {isa = PBXFileReference; fileEncoding = 4; lastKnownFileType = file.xib; path = NKScheduleCell.xib; sourceTree = "<group>"; };
		0115250E1C61F119000D9539 /* NKDetailController.swift */ = {isa = PBXFileReference; fileEncoding = 4; lastKnownFileType = sourcecode.swift; path = NKDetailController.swift; sourceTree = "<group>"; };
		011525101C61F2C9000D9539 /* NKDetailItemCell.swift */ = {isa = PBXFileReference; fileEncoding = 4; lastKnownFileType = sourcecode.swift; path = NKDetailItemCell.swift; sourceTree = "<group>"; };
		011525121C61FCF2000D9539 /* NKItem_Detail.swift */ = {isa = PBXFileReference; fileEncoding = 4; lastKnownFileType = sourcecode.swift; path = NKItem_Detail.swift; sourceTree = "<group>"; };
		011525141C6200F1000D9539 /* NKItem_Schedule.swift */ = {isa = PBXFileReference; fileEncoding = 4; lastKnownFileType = sourcecode.swift; path = NKItem_Schedule.swift; sourceTree = "<group>"; };
		011525161C62040A000D9539 /* NKScheduleHeader.swift */ = {isa = PBXFileReference; fileEncoding = 4; lastKnownFileType = sourcecode.swift; path = NKScheduleHeader.swift; sourceTree = "<group>"; };
		011525181C6205CB000D9539 /* NKScheduleHeader.xib */ = {isa = PBXFileReference; fileEncoding = 4; lastKnownFileType = file.xib; path = NKScheduleHeader.xib; sourceTree = "<group>"; };
		018B922D1C5DCCF500236E16 /* NKPlatformManager.swift */ = {isa = PBXFileReference; fileEncoding = 4; lastKnownFileType = sourcecode.swift; path = NKPlatformManager.swift; sourceTree = "<group>"; };
		018B922F1C5DD14C00236E16 /* NKLibraryAPI.swift */ = {isa = PBXFileReference; fileEncoding = 4; lastKnownFileType = sourcecode.swift; path = NKLibraryAPI.swift; sourceTree = "<group>"; };
		018B92351C5E244C00236E16 /* Realm.framework */ = {isa = PBXFileReference; lastKnownFileType = wrapper.framework; name = Realm.framework; path = Carthage/Build/iOS/Realm.framework; sourceTree = "<group>"; };
		018B92381C5E245B00236E16 /* RealmSwift.framework */ = {isa = PBXFileReference; lastKnownFileType = wrapper.framework; name = RealmSwift.framework; path = Carthage/Build/iOS/RealmSwift.framework; sourceTree = "<group>"; };
		01E1C1CB1C5CBBBB00EF6B5A /* NKBill.app */ = {isa = PBXFileReference; explicitFileType = wrapper.application; includeInIndex = 0; path = NKBill.app; sourceTree = BUILT_PRODUCTS_DIR; };
		01E1C1CE1C5CBBBB00EF6B5A /* AppDelegate.swift */ = {isa = PBXFileReference; lastKnownFileType = sourcecode.swift; path = AppDelegate.swift; sourceTree = "<group>"; };
		01E1C1D51C5CBBBB00EF6B5A /* Assets.xcassets */ = {isa = PBXFileReference; lastKnownFileType = folder.assetcatalog; path = Assets.xcassets; sourceTree = "<group>"; };
		01E1C1D81C5CBBBB00EF6B5A /* Base */ = {isa = PBXFileReference; lastKnownFileType = file.storyboard; name = Base; path = Base.lproj/LaunchScreen.storyboard; sourceTree = "<group>"; };
		01E1C1DA1C5CBBBB00EF6B5A /* Info.plist */ = {isa = PBXFileReference; lastKnownFileType = text.plist.xml; path = Info.plist; sourceTree = "<group>"; };
		01E1C1E31C5CBC8600EF6B5A /* NKBaseViewController.swift */ = {isa = PBXFileReference; fileEncoding = 4; lastKnownFileType = sourcecode.swift; path = NKBaseViewController.swift; sourceTree = "<group>"; };
		01E1C1E51C5CBCAA00EF6B5A /* NKNavigationController.swift */ = {isa = PBXFileReference; fileEncoding = 4; lastKnownFileType = sourcecode.swift; path = NKNavigationController.swift; sourceTree = "<group>"; };
		01E1C1E71C5CBCCD00EF6B5A /* NKTabBarController.swift */ = {isa = PBXFileReference; fileEncoding = 4; lastKnownFileType = sourcecode.swift; path = NKTabBarController.swift; sourceTree = "<group>"; };
		01E1C1EB1C5CBE8300EF6B5A /* NKIndexController.swift */ = {isa = PBXFileReference; fileEncoding = 4; lastKnownFileType = sourcecode.swift; path = NKIndexController.swift; sourceTree = "<group>"; };
		01E1C1ED1C5CBEE500EF6B5A /* NKScheduleController.swift */ = {isa = PBXFileReference; fileEncoding = 4; lastKnownFileType = sourcecode.swift; path = NKScheduleController.swift; sourceTree = "<group>"; };
		01E1C1EF1C5CBF0F00EF6B5A /* NKComposeController.swift */ = {isa = PBXFileReference; fileEncoding = 4; lastKnownFileType = sourcecode.swift; path = NKComposeController.swift; sourceTree = "<group>"; };
		01E1C1F11C5CBF4800EF6B5A /* NKRecordController.swift */ = {isa = PBXFileReference; fileEncoding = 4; lastKnownFileType = sourcecode.swift; path = NKRecordController.swift; sourceTree = "<group>"; };
		01E1C1F31C5CBF5E00EF6B5A /* NKMoreController.swift */ = {isa = PBXFileReference; fileEncoding = 4; lastKnownFileType = sourcecode.swift; path = NKMoreController.swift; sourceTree = "<group>"; };
		01E1C1F51C5CCA7200EF6B5A /* NKAccount.swift */ = {isa = PBXFileReference; fileEncoding = 4; lastKnownFileType = sourcecode.swift; path = NKAccount.swift; sourceTree = "<group>"; };
		01E1C1F71C5CCE0300EF6B5A /* NKPlatform.swift */ = {isa = PBXFileReference; fileEncoding = 4; lastKnownFileType = sourcecode.swift; path = NKPlatform.swift; sourceTree = "<group>"; };
		01E1C2091C5CDFC400EF6B5A /* NKPlatformController.swift */ = {isa = PBXFileReference; fileEncoding = 4; lastKnownFileType = sourcecode.swift; path = NKPlatformController.swift; sourceTree = "<group>"; };
		01E1C20F1C5CE1CE00EF6B5A /* p2pbank.plist */ = {isa = PBXFileReference; fileEncoding = 4; lastKnownFileType = text.plist.xml; path = p2pbank.plist; sourceTree = "<group>"; };
		01E1C2151C5CF6B900EF6B5A /* Cartfile */ = {isa = PBXFileReference; fileEncoding = 4; lastKnownFileType = text; path = Cartfile; sourceTree = "<group>"; };
		01E1C2171C5CF73A00EF6B5A /* Chameleon.framework */ = {isa = PBXFileReference; lastKnownFileType = wrapper.framework; name = Chameleon.framework; path = Carthage/Build/iOS/Chameleon.framework; sourceTree = "<group>"; };
		01E1C21B1C5CF74C00EF6B5A /* SwiftyJSON.framework */ = {isa = PBXFileReference; lastKnownFileType = wrapper.framework; name = SwiftyJSON.framework; path = Carthage/Build/iOS/SwiftyJSON.framework; sourceTree = "<group>"; };
		01FC3A9E1C5F242600176931 /* NKAccountManager.swift */ = {isa = PBXFileReference; fileEncoding = 4; lastKnownFileType = sourcecode.swift; path = NKAccountManager.swift; sourceTree = "<group>"; };
		01FC3AA01C5F496200176931 /* NKItem.swift */ = {isa = PBXFileReference; fileEncoding = 4; lastKnownFileType = sourcecode.swift; path = NKItem.swift; sourceTree = "<group>"; };
		01FC3AA21C5F5E8300176931 /* NSDateExtension.swift */ = {isa = PBXFileReference; fileEncoding = 4; lastKnownFileType = sourcecode.swift; path = NSDateExtension.swift; sourceTree = "<group>"; };
		01FC3AA41C5F63CC00176931 /* NKAlgorithm.swift */ = {isa = PBXFileReference; fileEncoding = 4; lastKnownFileType = sourcecode.swift; path = NKAlgorithm.swift; sourceTree = "<group>"; };
		01FC3AA71C60493300176931 /* NKConfigure.swift */ = {isa = PBXFileReference; fileEncoding = 4; lastKnownFileType = sourcecode.swift; path = NKConfigure.swift; sourceTree = "<group>"; };
		46112BEF1C626F52009E9AF1 /* NKScheduleDataSource.swift */ = {isa = PBXFileReference; fileEncoding = 4; lastKnownFileType = sourcecode.swift; path = NKScheduleDataSource.swift; sourceTree = "<group>"; };
/* End PBXFileReference section */

/* Begin PBXFrameworksBuildPhase section */
		01E1C1C81C5CBBBB00EF6B5A /* Frameworks */ = {
			isa = PBXFrameworksBuildPhase;
			buildActionMask = 2147483647;
			files = (
				018B92361C5E244C00236E16 /* Realm.framework in Frameworks */,
				018B92391C5E245B00236E16 /* RealmSwift.framework in Frameworks */,
				01E1C2181C5CF73A00EF6B5A /* Chameleon.framework in Frameworks */,
			);
			runOnlyForDeploymentPostprocessing = 0;
		};
/* End PBXFrameworksBuildPhase section */

/* Begin PBXGroup section */
		018B922C1C5DCC6F00236E16 /* API */ = {
			isa = PBXGroup;
			children = (
				018B922F1C5DD14C00236E16 /* NKLibraryAPI.swift */,
				018B922D1C5DCCF500236E16 /* NKPlatformManager.swift */,
				01FC3A9E1C5F242600176931 /* NKAccountManager.swift */,
				01FC3AA21C5F5E8300176931 /* NSDateExtension.swift */,
				01FC3AA41C5F63CC00176931 /* NKAlgorithm.swift */,
				01FC3AA71C60493300176931 /* NKConfigure.swift */,
			);
			path = API;
			sourceTree = "<group>";
		};
		01E1C1C21C5CBBBB00EF6B5A = {
			isa = PBXGroup;
			children = (
				018B92381C5E245B00236E16 /* RealmSwift.framework */,
				018B92351C5E244C00236E16 /* Realm.framework */,
				01E1C21B1C5CF74C00EF6B5A /* SwiftyJSON.framework */,
				01E1C2171C5CF73A00EF6B5A /* Chameleon.framework */,
				01E1C2151C5CF6B900EF6B5A /* Cartfile */,
				01E1C1CD1C5CBBBB00EF6B5A /* NKBill */,
				01E1C1CC1C5CBBBB00EF6B5A /* Products */,
			);
			sourceTree = "<group>";
		};
		01E1C1CC1C5CBBBB00EF6B5A /* Products */ = {
			isa = PBXGroup;
			children = (
				01E1C1CB1C5CBBBB00EF6B5A /* NKBill.app */,
			);
			name = Products;
			sourceTree = "<group>";
		};
		01E1C1CD1C5CBBBB00EF6B5A /* NKBill */ = {
			isa = PBXGroup;
			children = (
				01E1C1CE1C5CBBBB00EF6B5A /* AppDelegate.swift */,
				011525041C60D38A000D9539 /* Main.storyboard */,
				018B922C1C5DCC6F00236E16 /* API */,
				01E1C1E21C5CBC4A00EF6B5A /* Controller */,
				01E1C1E11C5CBC4000EF6B5A /* Model */,
				01E1C1E01C5CBC3000EF6B5A /* View */,
				01E1C1D51C5CBBBB00EF6B5A /* Assets.xcassets */,
				01E1C1D71C5CBBBB00EF6B5A /* LaunchScreen.storyboard */,
				01E1C1DA1C5CBBBB00EF6B5A /* Info.plist */,
				01E1C20F1C5CE1CE00EF6B5A /* p2pbank.plist */,
			);
			path = NKBill;
			sourceTree = "<group>";
		};
		01E1C1E01C5CBC3000EF6B5A /* View */ = {
			isa = PBXGroup;
			children = (
				011524F21C609A6F000D9539 /* NKAccountCell.swift */,
				011524FC1C60AECC000D9539 /* NKIndexCell.swift */,
				011524FD1C60AECC000D9539 /* NKIndexCell.xib */,
				0115250A1C61C3AD000D9539 /* NKScheduleCell.swift */,
				0115250B1C61C3AD000D9539 /* NKScheduleCell.xib */,
				011525101C61F2C9000D9539 /* NKDetailItemCell.swift */,
				011525161C62040A000D9539 /* NKScheduleHeader.swift */,
				011525181C6205CB000D9539 /* NKScheduleHeader.xib */,
			);
			path = View;
			sourceTree = "<group>";
		};
		01E1C1E11C5CBC4000EF6B5A /* Model */ = {
			isa = PBXGroup;
			children = (
				01E1C1F51C5CCA7200EF6B5A /* NKAccount.swift */,
				011524F61C60A6D7000D9539 /* NKAccount_Compose.swift */,
				011524F81C60A6FD000D9539 /* NKAccount_Record.swift */,
				01FC3AA01C5F496200176931 /* NKItem.swift */,
				011525141C6200F1000D9539 /* NKItem_Schedule.swift */,
				011525121C61FCF2000D9539 /* NKItem_Detail.swift */,
				01E1C1F71C5CCE0300EF6B5A /* NKPlatform.swift */,
				011525001C60B0A0000D9539 /* NKPlatform_Index.swift */,
				46112BEF1C626F52009E9AF1 /* NKScheduleDataSource.swift */,
			);
			path = Model;
			sourceTree = "<group>";
		};
		01E1C1E21C5CBC4A00EF6B5A /* Controller */ = {
			isa = PBXGroup;
			children = (
				01E1C1E31C5CBC8600EF6B5A /* NKBaseViewController.swift */,
				01E1C1E51C5CBCAA00EF6B5A /* NKNavigationController.swift */,
				01E1C1E71C5CBCCD00EF6B5A /* NKTabBarController.swift */,
				01E1C1EB1C5CBE8300EF6B5A /* NKIndexController.swift */,
				01E1C1ED1C5CBEE500EF6B5A /* NKScheduleController.swift */,
				01E1C1EF1C5CBF0F00EF6B5A /* NKComposeController.swift */,
				01E1C1F31C5CBF5E00EF6B5A /* NKMoreController.swift */,
				01E1C2091C5CDFC400EF6B5A /* NKPlatformController.swift */,
				01E1C1F11C5CBF4800EF6B5A /* NKRecordController.swift */,
				0115250E1C61F119000D9539 /* NKDetailController.swift */,
			);
			path = Controller;
			sourceTree = "<group>";
		};
/* End PBXGroup section */

/* Begin PBXNativeTarget section */
		01E1C1CA1C5CBBBB00EF6B5A /* NKBill */ = {
			isa = PBXNativeTarget;
			buildConfigurationList = 01E1C1DD1C5CBBBB00EF6B5A /* Build configuration list for PBXNativeTarget "NKBill" */;
			buildPhases = (
				01E1C1C71C5CBBBB00EF6B5A /* Sources */,
				01E1C1C81C5CBBBB00EF6B5A /* Frameworks */,
				01E1C1C91C5CBBBB00EF6B5A /* Resources */,
				01E1C21A1C5CF73B00EF6B5A /* Embed Frameworks */,
			);
			buildRules = (
			);
			dependencies = (
			);
			name = NKBill;
			productName = NKBill;
			productReference = 01E1C1CB1C5CBBBB00EF6B5A /* NKBill.app */;
			productType = "com.apple.product-type.application";
		};
/* End PBXNativeTarget section */

/* Begin PBXProject section */
		01E1C1C31C5CBBBB00EF6B5A /* Project object */ = {
			isa = PBXProject;
			attributes = {
				CLASSPREFIX = NK;
				LastSwiftUpdateCheck = 0720;
				LastUpgradeCheck = 0720;
				ORGANIZATIONNAME = NickChen;
				TargetAttributes = {
					01E1C1CA1C5CBBBB00EF6B5A = {
						CreatedOnToolsVersion = 7.2;
					};
				};
			};
			buildConfigurationList = 01E1C1C61C5CBBBB00EF6B5A /* Build configuration list for PBXProject "NKBill" */;
			compatibilityVersion = "Xcode 3.2";
			developmentRegion = English;
			hasScannedForEncodings = 0;
			knownRegions = (
				en,
				Base,
			);
			mainGroup = 01E1C1C21C5CBBBB00EF6B5A;
			productRefGroup = 01E1C1CC1C5CBBBB00EF6B5A /* Products */;
			projectDirPath = "";
			projectRoot = "";
			targets = (
				01E1C1CA1C5CBBBB00EF6B5A /* NKBill */,
			);
		};
/* End PBXProject section */

/* Begin PBXResourcesBuildPhase section */
		01E1C1C91C5CBBBB00EF6B5A /* Resources */ = {
			isa = PBXResourcesBuildPhase;
			buildActionMask = 2147483647;
			files = (
				011524FF1C60AECC000D9539 /* NKIndexCell.xib in Resources */,
				0115250D1C61C3AD000D9539 /* NKScheduleCell.xib in Resources */,
				01E1C2161C5CF6B900EF6B5A /* Cartfile in Resources */,
				01E1C1D91C5CBBBB00EF6B5A /* LaunchScreen.storyboard in Resources */,
				011525191C6205CB000D9539 /* NKScheduleHeader.xib in Resources */,
				011525051C60D38A000D9539 /* Main.storyboard in Resources */,
				01E1C2101C5CE1CE00EF6B5A /* p2pbank.plist in Resources */,
				01E1C1D61C5CBBBB00EF6B5A /* Assets.xcassets in Resources */,
			);
			runOnlyForDeploymentPostprocessing = 0;
		};
/* End PBXResourcesBuildPhase section */

/* Begin PBXSourcesBuildPhase section */
		01E1C1C71C5CBBBB00EF6B5A /* Sources */ = {
			isa = PBXSourcesBuildPhase;
			buildActionMask = 2147483647;
			files = (
				011525171C62040A000D9539 /* NKScheduleHeader.swift in Sources */,
				011525131C61FCF2000D9539 /* NKItem_Detail.swift in Sources */,
				01E1C1F61C5CCA7200EF6B5A /* NKAccount.swift in Sources */,
				011524F71C60A6D7000D9539 /* NKAccount_Compose.swift in Sources */,
				01E1C1EC1C5CBE8300EF6B5A /* NKIndexController.swift in Sources */,
				01FC3A9F1C5F242600176931 /* NKAccountManager.swift in Sources */,
				01FC3AA31C5F5E8300176931 /* NSDateExtension.swift in Sources */,
				0115250C1C61C3AD000D9539 /* NKScheduleCell.swift in Sources */,
				011524F41C609A6F000D9539 /* NKAccountCell.swift in Sources */,
				01E1C1E41C5CBC8600EF6B5A /* NKBaseViewController.swift in Sources */,
				01E1C1F41C5CBF5E00EF6B5A /* NKMoreController.swift in Sources */,
				01E1C1E81C5CBCCD00EF6B5A /* NKTabBarController.swift in Sources */,
				01FC3AA51C5F63CC00176931 /* NKAlgorithm.swift in Sources */,
				0115250F1C61F119000D9539 /* NKDetailController.swift in Sources */,
				018B92301C5DD14C00236E16 /* NKLibraryAPI.swift in Sources */,
				011525011C60B0A0000D9539 /* NKPlatform_Index.swift in Sources */,
				018B922E1C5DCCF500236E16 /* NKPlatformManager.swift in Sources */,
				46112BF01C626F52009E9AF1 /* NKScheduleDataSource.swift in Sources */,
				01E1C1F01C5CBF0F00EF6B5A /* NKComposeController.swift in Sources */,
				011525151C6200F1000D9539 /* NKItem_Schedule.swift in Sources */,
				01FC3AA81C60493300176931 /* NKConfigure.swift in Sources */,
				01E1C1F81C5CCE0300EF6B5A /* NKPlatform.swift in Sources */,
				011525111C61F2C9000D9539 /* NKDetailItemCell.swift in Sources */,
				01E1C1F21C5CBF4800EF6B5A /* NKRecordController.swift in Sources */,
				011524F91C60A6FD000D9539 /* NKAccount_Record.swift in Sources */,
				01E1C20A1C5CDFC400EF6B5A /* NKPlatformController.swift in Sources */,
				01E1C1E61C5CBCAA00EF6B5A /* NKNavigationController.swift in Sources */,
				01FC3AA11C5F496200176931 /* NKItem.swift in Sources */,
				011524FE1C60AECC000D9539 /* NKIndexCell.swift in Sources */,
				01E1C1CF1C5CBBBB00EF6B5A /* AppDelegate.swift in Sources */,
				01E1C1EE1C5CBEE500EF6B5A /* NKScheduleController.swift in Sources */,
			);
			runOnlyForDeploymentPostprocessing = 0;
		};
/* End PBXSourcesBuildPhase section */

/* Begin PBXVariantGroup section */
		01E1C1D71C5CBBBB00EF6B5A /* LaunchScreen.storyboard */ = {
			isa = PBXVariantGroup;
			children = (
				01E1C1D81C5CBBBB00EF6B5A /* Base */,
			);
			name = LaunchScreen.storyboard;
			sourceTree = "<group>";
		};
/* End PBXVariantGroup section */

/* Begin XCBuildConfiguration section */
		01E1C1DB1C5CBBBB00EF6B5A /* Debug */ = {
			isa = XCBuildConfiguration;
			buildSettings = {
				ALWAYS_SEARCH_USER_PATHS = NO;
				CLANG_CXX_LANGUAGE_STANDARD = "gnu++0x";
				CLANG_CXX_LIBRARY = "libc++";
				CLANG_ENABLE_MODULES = YES;
				CLANG_ENABLE_OBJC_ARC = YES;
				CLANG_WARN_BOOL_CONVERSION = YES;
				CLANG_WARN_CONSTANT_CONVERSION = YES;
				CLANG_WARN_DIRECT_OBJC_ISA_USAGE = YES_ERROR;
				CLANG_WARN_EMPTY_BODY = YES;
				CLANG_WARN_ENUM_CONVERSION = YES;
				CLANG_WARN_INT_CONVERSION = YES;
				CLANG_WARN_OBJC_ROOT_CLASS = YES_ERROR;
				CLANG_WARN_UNREACHABLE_CODE = YES;
				CLANG_WARN__DUPLICATE_METHOD_MATCH = YES;
				"CODE_SIGN_IDENTITY[sdk=iphoneos*]" = "iPhone Developer";
				COPY_PHASE_STRIP = NO;
				DEBUG_INFORMATION_FORMAT = dwarf;
				ENABLE_STRICT_OBJC_MSGSEND = YES;
				ENABLE_TESTABILITY = YES;
				GCC_C_LANGUAGE_STANDARD = gnu99;
				GCC_DYNAMIC_NO_PIC = NO;
				GCC_NO_COMMON_BLOCKS = YES;
				GCC_OPTIMIZATION_LEVEL = 0;
				GCC_PREPROCESSOR_DEFINITIONS = (
					"DEBUG=1",
					"$(inherited)",
				);
				GCC_WARN_64_TO_32_BIT_CONVERSION = YES;
				GCC_WARN_ABOUT_RETURN_TYPE = YES_ERROR;
				GCC_WARN_UNDECLARED_SELECTOR = YES;
				GCC_WARN_UNINITIALIZED_AUTOS = YES_AGGRESSIVE;
				GCC_WARN_UNUSED_FUNCTION = YES;
				GCC_WARN_UNUSED_VARIABLE = YES;
				IPHONEOS_DEPLOYMENT_TARGET = 9.2;
				MTL_ENABLE_DEBUG_INFO = YES;
				ONLY_ACTIVE_ARCH = YES;
				SDKROOT = iphoneos;
				SWIFT_OPTIMIZATION_LEVEL = "-Onone";
			};
			name = Debug;
		};
		01E1C1DC1C5CBBBB00EF6B5A /* Release */ = {
			isa = XCBuildConfiguration;
			buildSettings = {
				ALWAYS_SEARCH_USER_PATHS = NO;
				CLANG_CXX_LANGUAGE_STANDARD = "gnu++0x";
				CLANG_CXX_LIBRARY = "libc++";
				CLANG_ENABLE_MODULES = YES;
				CLANG_ENABLE_OBJC_ARC = YES;
				CLANG_WARN_BOOL_CONVERSION = YES;
				CLANG_WARN_CONSTANT_CONVERSION = YES;
				CLANG_WARN_DIRECT_OBJC_ISA_USAGE = YES_ERROR;
				CLANG_WARN_EMPTY_BODY = YES;
				CLANG_WARN_ENUM_CONVERSION = YES;
				CLANG_WARN_INT_CONVERSION = YES;
				CLANG_WARN_OBJC_ROOT_CLASS = YES_ERROR;
				CLANG_WARN_UNREACHABLE_CODE = YES;
				CLANG_WARN__DUPLICATE_METHOD_MATCH = YES;
				"CODE_SIGN_IDENTITY[sdk=iphoneos*]" = "iPhone Developer";
				COPY_PHASE_STRIP = NO;
				DEBUG_INFORMATION_FORMAT = "dwarf-with-dsym";
				ENABLE_NS_ASSERTIONS = NO;
				ENABLE_STRICT_OBJC_MSGSEND = YES;
				GCC_C_LANGUAGE_STANDARD = gnu99;
				GCC_NO_COMMON_BLOCKS = YES;
				GCC_WARN_64_TO_32_BIT_CONVERSION = YES;
				GCC_WARN_ABOUT_RETURN_TYPE = YES_ERROR;
				GCC_WARN_UNDECLARED_SELECTOR = YES;
				GCC_WARN_UNINITIALIZED_AUTOS = YES_AGGRESSIVE;
				GCC_WARN_UNUSED_FUNCTION = YES;
				GCC_WARN_UNUSED_VARIABLE = YES;
				IPHONEOS_DEPLOYMENT_TARGET = 9.2;
				MTL_ENABLE_DEBUG_INFO = NO;
				SDKROOT = iphoneos;
				VALIDATE_PRODUCT = YES;
			};
			name = Release;
		};
		01E1C1DE1C5CBBBB00EF6B5A /* Debug */ = {
			isa = XCBuildConfiguration;
			buildSettings = {
				ASSETCATALOG_COMPILER_APPICON_NAME = AppIcon;
				FRAMEWORK_SEARCH_PATHS = (
					"$(inherited)",
					"$(PROJECT_DIR)/Carthage/Build/iOS",
				);
				INFOPLIST_FILE = NKBill/Info.plist;
				IPHONEOS_DEPLOYMENT_TARGET = 8.0;
				LD_RUNPATH_SEARCH_PATHS = "$(inherited) @executable_path/Frameworks";
				PRODUCT_BUNDLE_IDENTIFIER = NickChen.NKBill;
				PRODUCT_NAME = "$(TARGET_NAME)";
			};
			name = Debug;
		};
		01E1C1DF1C5CBBBB00EF6B5A /* Release */ = {
			isa = XCBuildConfiguration;
			buildSettings = {
				ASSETCATALOG_COMPILER_APPICON_NAME = AppIcon;
				FRAMEWORK_SEARCH_PATHS = (
					"$(inherited)",
					"$(PROJECT_DIR)/Carthage/Build/iOS",
				);
				INFOPLIST_FILE = NKBill/Info.plist;
				IPHONEOS_DEPLOYMENT_TARGET = 8.0;
				LD_RUNPATH_SEARCH_PATHS = "$(inherited) @executable_path/Frameworks";
				PRODUCT_BUNDLE_IDENTIFIER = NickChen.NKBill;
				PRODUCT_NAME = "$(TARGET_NAME)";
			};
			name = Release;
		};
/* End XCBuildConfiguration section */

/* Begin XCConfigurationList section */
		01E1C1C61C5CBBBB00EF6B5A /* Build configuration list for PBXProject "NKBill" */ = {
			isa = XCConfigurationList;
			buildConfigurations = (
				01E1C1DB1C5CBBBB00EF6B5A /* Debug */,
				01E1C1DC1C5CBBBB00EF6B5A /* Release */,
			);
			defaultConfigurationIsVisible = 0;
			defaultConfigurationName = Release;
		};
		01E1C1DD1C5CBBBB00EF6B5A /* Build configuration list for PBXNativeTarget "NKBill" */ = {
			isa = XCConfigurationList;
			buildConfigurations = (
				01E1C1DE1C5CBBBB00EF6B5A /* Debug */,
				01E1C1DF1C5CBBBB00EF6B5A /* Release */,
			);
			defaultConfigurationIsVisible = 0;
			defaultConfigurationName = Release;
		};
/* End XCConfigurationList section */
	};
	rootObject = 01E1C1C31C5CBBBB00EF6B5A /* Project object */;
}
